// !$*UTF8*$!
{
	archiveVersion = 1;
	classes = {
	};
	objectVersion = 48;
	objects = {

/* Begin PBXBuildFile section */
		027369E09714D434B8C421F6 /* libPods-FlipperKit.a in Frameworks */ = {isa = PBXBuildFile; fileRef = 0D8E34F2706E57CC3C186A67 /* libPods-FlipperKit.a */; };
		53915CB22152E3040090EEA6 /* FlipperResponder.h in Headers */ = {isa = PBXBuildFile; fileRef = 53915C972152E3030090EEA6 /* FlipperResponder.h */; };
		53915CB32152E3040090EEA6 /* SKStateUpdateCPPWrapper.mm in Sources */ = {isa = PBXBuildFile; fileRef = 53915C982152E3030090EEA6 /* SKStateUpdateCPPWrapper.mm */; };
		53915CB42152E3040090EEA6 /* FlipperDiagnosticsViewController.m in Sources */ = {isa = PBXBuildFile; fileRef = 53915C992152E3030090EEA6 /* FlipperDiagnosticsViewController.m */; };
		53915CB52152E3040090EEA6 /* FlipperClient.h in Headers */ = {isa = PBXBuildFile; fileRef = 53915C9A2152E3030090EEA6 /* FlipperClient.h */; };
		53915CB62152E3040090EEA6 /* FlipperConnection.h in Headers */ = {isa = PBXBuildFile; fileRef = 53915C9B2152E3030090EEA6 /* FlipperConnection.h */; };
		53915CB72152E3040090EEA6 /* SKStateUpdateCPPWrapper.h in Headers */ = {isa = PBXBuildFile; fileRef = 53915C9C2152E3030090EEA6 /* SKStateUpdateCPPWrapper.h */; };
		53915CB82152E3040090EEA6 /* FlipperPlugin.h in Headers */ = {isa = PBXBuildFile; fileRef = 53915C9D2152E3030090EEA6 /* FlipperPlugin.h */; };
		53915CB92152E3040090EEA6 /* FlipperUtil.m in Sources */ = {isa = PBXBuildFile; fileRef = 53915C9E2152E3030090EEA6 /* FlipperUtil.m */; };
		53915CBA2152E3040090EEA6 /* FKPortForwardingServer.h in Headers */ = {isa = PBXBuildFile; fileRef = 53915CA12152E3040090EEA6 /* FKPortForwardingServer.h */; };
		53915CBB2152E3040090EEA6 /* FKPortForwardingCommon.h in Headers */ = {isa = PBXBuildFile; fileRef = 53915CA22152E3040090EEA6 /* FKPortForwardingCommon.h */; };
		53915CBC2152E3040090EEA6 /* FKPortForwardingServer.m in Sources */ = {isa = PBXBuildFile; fileRef = 53915CA32152E3040090EEA6 /* FKPortForwardingServer.m */; };
		53915CBD2152E3040090EEA6 /* FBCxxFollyDynamicConvert.mm in Sources */ = {isa = PBXBuildFile; fileRef = 53915CA52152E3040090EEA6 /* FBCxxFollyDynamicConvert.mm */; };
		53915CBE2152E3040090EEA6 /* FBCxxFollyDynamicConvert.h in Headers */ = {isa = PBXBuildFile; fileRef = 53915CA62152E3040090EEA6 /* FBCxxFollyDynamicConvert.h */; };
		53915CBF2152E3040090EEA6 /* FlipperStateUpdateListener.h in Headers */ = {isa = PBXBuildFile; fileRef = 53915CA72152E3040090EEA6 /* FlipperStateUpdateListener.h */; };
		53915CC02152E3040090EEA6 /* FlipperCppBridgingConnection.mm in Sources */ = {isa = PBXBuildFile; fileRef = 53915CA92152E3040090EEA6 /* FlipperCppBridgingConnection.mm */; };
		53915CC12152E3040090EEA6 /* FlipperCppWrapperPlugin.h in Headers */ = {isa = PBXBuildFile; fileRef = 53915CAA2152E3040090EEA6 /* FlipperCppWrapperPlugin.h */; };
		53915CC22152E3040090EEA6 /* FlipperCppBridgingConnection.h in Headers */ = {isa = PBXBuildFile; fileRef = 53915CAB2152E3040090EEA6 /* FlipperCppBridgingConnection.h */; };
		53915CC32152E3040090EEA6 /* FlipperCppBridgingResponder.mm in Sources */ = {isa = PBXBuildFile; fileRef = 53915CAC2152E3040090EEA6 /* FlipperCppBridgingResponder.mm */; };
		53915CC42152E3040090EEA6 /* FlipperCppBridgingResponder.h in Headers */ = {isa = PBXBuildFile; fileRef = 53915CAD2152E3040090EEA6 /* FlipperCppBridgingResponder.h */; };
		53915CC52152E3040090EEA6 /* SKMacros.h in Headers */ = {isa = PBXBuildFile; fileRef = 53915CAE2152E3040090EEA6 /* SKMacros.h */; };
		53915CC62152E3040090EEA6 /* FlipperClient.mm in Sources */ = {isa = PBXBuildFile; fileRef = 53915CAF2152E3040090EEA6 /* FlipperClient.mm */; };
		53915CC72152E3040090EEA6 /* FlipperDiagnosticsViewController.h in Headers */ = {isa = PBXBuildFile; fileRef = 53915CB02152E3040090EEA6 /* FlipperDiagnosticsViewController.h */; };
		53915CCA2152E31C0090EEA6 /* Plugins in Resources */ = {isa = PBXBuildFile; fileRef = 53915CC92152E31C0090EEA6 /* Plugins */; };
		53D4C51220A5B89900613A96 /* Foundation.framework in Frameworks */ = {isa = PBXBuildFile; fileRef = 53D4C51120A5B89900613A96 /* Foundation.framework */; };
/* End PBXBuildFile section */

/* Begin PBXFileReference section */
		0D8E34F2706E57CC3C186A67 /* libPods-FlipperKit.a */ = {isa = PBXFileReference; explicitFileType = archive.ar; includeInIndex = 0; path = "libPods-FlipperKit.a"; sourceTree = BUILT_PRODUCTS_DIR; };
		22B8670D786EA50E30082023 /* Pods-FlipperKit.debug.xcconfig */ = {isa = PBXFileReference; includeInIndex = 1; lastKnownFileType = text.xcconfig; name = "Pods-FlipperKit.debug.xcconfig"; path = "Pods/Target Support Files/Pods-FlipperKit/Pods-FlipperKit.debug.xcconfig"; sourceTree = "<group>"; };
		53915C972152E3030090EEA6 /* FlipperResponder.h */ = {isa = PBXFileReference; fileEncoding = 4; lastKnownFileType = sourcecode.c.h; path = FlipperResponder.h; sourceTree = "<group>"; };
		53915C982152E3030090EEA6 /* SKStateUpdateCPPWrapper.mm */ = {isa = PBXFileReference; fileEncoding = 4; lastKnownFileType = sourcecode.cpp.objcpp; path = SKStateUpdateCPPWrapper.mm; sourceTree = "<group>"; };
		53915C992152E3030090EEA6 /* FlipperDiagnosticsViewController.m */ = {isa = PBXFileReference; fileEncoding = 4; lastKnownFileType = sourcecode.c.objc; path = FlipperDiagnosticsViewController.m; sourceTree = "<group>"; };
		53915C9A2152E3030090EEA6 /* FlipperClient.h */ = {isa = PBXFileReference; fileEncoding = 4; lastKnownFileType = sourcecode.c.h; path = FlipperClient.h; sourceTree = "<group>"; };
		53915C9B2152E3030090EEA6 /* FlipperConnection.h */ = {isa = PBXFileReference; fileEncoding = 4; lastKnownFileType = sourcecode.c.h; path = FlipperConnection.h; sourceTree = "<group>"; };
		53915C9C2152E3030090EEA6 /* SKStateUpdateCPPWrapper.h */ = {isa = PBXFileReference; fileEncoding = 4; lastKnownFileType = sourcecode.c.h; path = SKStateUpdateCPPWrapper.h; sourceTree = "<group>"; };
		53915C9D2152E3030090EEA6 /* FlipperPlugin.h */ = {isa = PBXFileReference; fileEncoding = 4; lastKnownFileType = sourcecode.c.h; path = FlipperPlugin.h; sourceTree = "<group>"; };
		53915C9E2152E3030090EEA6 /* FlipperUtil.m */ = {isa = PBXFileReference; fileEncoding = 4; lastKnownFileType = sourcecode.c.objc; path = FlipperUtil.m; sourceTree = "<group>"; };
		53915CA12152E3040090EEA6 /* FKPortForwardingServer.h */ = {isa = PBXFileReference; fileEncoding = 4; lastKnownFileType = sourcecode.c.h; name = FKPortForwardingServer.h; path = FlipperKit/FKPortForwarding/FKPortForwardingServer.h; sourceTree = SOURCE_ROOT; };
		53915CA22152E3040090EEA6 /* FKPortForwardingCommon.h */ = {isa = PBXFileReference; fileEncoding = 4; lastKnownFileType = sourcecode.c.h; name = FKPortForwardingCommon.h; path = FlipperKit/FKPortForwarding/FKPortForwardingCommon.h; sourceTree = SOURCE_ROOT; };
		53915CA32152E3040090EEA6 /* FKPortForwardingServer.m */ = {isa = PBXFileReference; fileEncoding = 4; lastKnownFileType = sourcecode.c.objc; name = FKPortForwardingServer.m; path = FlipperKit/FKPortForwarding/FKPortForwardingServer.m; sourceTree = SOURCE_ROOT; };
		53915CA52152E3040090EEA6 /* FBCxxFollyDynamicConvert.mm */ = {isa = PBXFileReference; fileEncoding = 4; lastKnownFileType = sourcecode.cpp.objcpp; path = FBCxxFollyDynamicConvert.mm; sourceTree = "<group>"; };
		53915CA62152E3040090EEA6 /* FBCxxFollyDynamicConvert.h */ = {isa = PBXFileReference; fileEncoding = 4; lastKnownFileType = sourcecode.c.h; path = FBCxxFollyDynamicConvert.h; sourceTree = "<group>"; };
		53915CA72152E3040090EEA6 /* FlipperStateUpdateListener.h */ = {isa = PBXFileReference; fileEncoding = 4; lastKnownFileType = sourcecode.c.h; path = FlipperStateUpdateListener.h; sourceTree = "<group>"; };
		53915CA92152E3040090EEA6 /* FlipperCppBridgingConnection.mm */ = {isa = PBXFileReference; fileEncoding = 4; lastKnownFileType = sourcecode.cpp.objcpp; path = FlipperCppBridgingConnection.mm; sourceTree = "<group>"; };
		53915CAA2152E3040090EEA6 /* FlipperCppWrapperPlugin.h */ = {isa = PBXFileReference; fileEncoding = 4; lastKnownFileType = sourcecode.c.h; path = FlipperCppWrapperPlugin.h; sourceTree = "<group>"; };
		53915CAB2152E3040090EEA6 /* FlipperCppBridgingConnection.h */ = {isa = PBXFileReference; fileEncoding = 4; lastKnownFileType = sourcecode.c.h; path = FlipperCppBridgingConnection.h; sourceTree = "<group>"; };
		53915CAC2152E3040090EEA6 /* FlipperCppBridgingResponder.mm */ = {isa = PBXFileReference; fileEncoding = 4; lastKnownFileType = sourcecode.cpp.objcpp; path = FlipperCppBridgingResponder.mm; sourceTree = "<group>"; };
		53915CAD2152E3040090EEA6 /* FlipperCppBridgingResponder.h */ = {isa = PBXFileReference; fileEncoding = 4; lastKnownFileType = sourcecode.c.h; path = FlipperCppBridgingResponder.h; sourceTree = "<group>"; };
		53915CAE2152E3040090EEA6 /* SKMacros.h */ = {isa = PBXFileReference; fileEncoding = 4; lastKnownFileType = sourcecode.c.h; path = SKMacros.h; sourceTree = "<group>"; };
		53915CAF2152E3040090EEA6 /* FlipperClient.mm */ = {isa = PBXFileReference; fileEncoding = 4; lastKnownFileType = sourcecode.cpp.objcpp; path = FlipperClient.mm; sourceTree = "<group>"; };
		53915CB02152E3040090EEA6 /* FlipperDiagnosticsViewController.h */ = {isa = PBXFileReference; fileEncoding = 4; lastKnownFileType = sourcecode.c.h; path = FlipperDiagnosticsViewController.h; sourceTree = "<group>"; };
		53915CB12152E3040090EEA6 /* Info.plist */ = {isa = PBXFileReference; fileEncoding = 4; lastKnownFileType = text.plist.xml; path = Info.plist; sourceTree = "<group>"; };
		53915CC92152E31C0090EEA6 /* Plugins */ = {isa = PBXFileReference; lastKnownFileType = folder; path = Plugins; sourceTree = SOURCE_ROOT; };
		53D19A0520A4BA3600A371E3 /* FlipperKit.framework */ = {isa = PBXFileReference; explicitFileType = wrapper.framework; includeInIndex = 0; path = FlipperKit.framework; sourceTree = BUILT_PRODUCTS_DIR; };
		53D4C51120A5B89900613A96 /* Foundation.framework */ = {isa = PBXFileReference; lastKnownFileType = wrapper.framework; name = Foundation.framework; path = System/Library/Frameworks/Foundation.framework; sourceTree = SDKROOT; };
		AF8587A796104EAC5B080F7D /* Pods-FlipperKit.release.xcconfig */ = {isa = PBXFileReference; includeInIndex = 1; lastKnownFileType = text.xcconfig; name = "Pods-FlipperKit.release.xcconfig"; path = "Pods/Target Support Files/Pods-FlipperKit/Pods-FlipperKit.release.xcconfig"; sourceTree = "<group>"; };
/* End PBXFileReference section */

/* Begin PBXFrameworksBuildPhase section */
		53D19A0120A4BA3600A371E3 /* Frameworks */ = {
			isa = PBXFrameworksBuildPhase;
			buildActionMask = 2147483647;
			files = (
				53D4C51220A5B89900613A96 /* Foundation.framework in Frameworks */,
				027369E09714D434B8C421F6 /* libPods-FlipperKit.a in Frameworks */,
			);
			runOnlyForDeploymentPostprocessing = 0;
		};
/* End PBXFrameworksBuildPhase section */

/* Begin PBXGroup section */
		256B672257477FB71D3FAD20 /* Pods */ = {
			isa = PBXGroup;
			children = (
				22B8670D786EA50E30082023 /* Pods-FlipperKit.debug.xcconfig */,
				AF8587A796104EAC5B080F7D /* Pods-FlipperKit.release.xcconfig */,
			);
			name = Pods;
			sourceTree = "<group>";
		};
		53915C962152E3030090EEA6 /* FlipperKit */ = {
			isa = PBXGroup;
			children = (
				53915CC92152E31C0090EEA6 /* Plugins */,
				53915C972152E3030090EEA6 /* FlipperResponder.h */,
				53915C982152E3030090EEA6 /* SKStateUpdateCPPWrapper.mm */,
				53915C992152E3030090EEA6 /* FlipperDiagnosticsViewController.m */,
				53915C9A2152E3030090EEA6 /* FlipperClient.h */,
				53915C9B2152E3030090EEA6 /* FlipperConnection.h */,
				53915C9C2152E3030090EEA6 /* SKStateUpdateCPPWrapper.h */,
				53915C9D2152E3030090EEA6 /* FlipperPlugin.h */,
				53915C9E2152E3030090EEA6 /* FlipperUtil.m */,
				53915C9F2152E3030090EEA6 /* Utilities */,
				53915CA42152E3040090EEA6 /* FBCxxFollyDynamicConvert */,
				53915CA72152E3040090EEA6 /* FlipperStateUpdateListener.h */,
				53915CA82152E3040090EEA6 /* CppBridge */,
				53915CAE2152E3040090EEA6 /* SKMacros.h */,
				53915CAF2152E3040090EEA6 /* FlipperClient.mm */,
				53915CB02152E3040090EEA6 /* FlipperDiagnosticsViewController.h */,
				53915CB12152E3040090EEA6 /* Info.plist */,
			);
			path = FlipperKit;
			sourceTree = "<group>";
		};
		53915C9F2152E3030090EEA6 /* Utilities */ = {
			isa = PBXGroup;
			children = (
				53915CA02152E3040090EEA6 /* PortForwarding */,
			);
			path = Utilities;
			sourceTree = "<group>";
		};
		53915CA02152E3040090EEA6 /* PortForwarding */ = {
			isa = PBXGroup;
			children = (
				53915CA12152E3040090EEA6 /* FKPortForwardingServer.h */,
				53915CA22152E3040090EEA6 /* FKPortForwardingCommon.h */,
				53915CA32152E3040090EEA6 /* FKPortForwardingServer.m */,
			);
			path = PortForwarding;
			sourceTree = "<group>";
		};
		53915CA42152E3040090EEA6 /* FBCxxFollyDynamicConvert */ = {
			isa = PBXGroup;
			children = (
				53915CA52152E3040090EEA6 /* FBCxxFollyDynamicConvert.mm */,
				53915CA62152E3040090EEA6 /* FBCxxFollyDynamicConvert.h */,
			);
			path = FBCxxFollyDynamicConvert;
			sourceTree = "<group>";
		};
		53915CA82152E3040090EEA6 /* CppBridge */ = {
			isa = PBXGroup;
			children = (
				53915CA92152E3040090EEA6 /* FlipperCppBridgingConnection.mm */,
				53915CAA2152E3040090EEA6 /* FlipperCppWrapperPlugin.h */,
				53915CAB2152E3040090EEA6 /* FlipperCppBridgingConnection.h */,
				53915CAC2152E3040090EEA6 /* FlipperCppBridgingResponder.mm */,
				53915CAD2152E3040090EEA6 /* FlipperCppBridgingResponder.h */,
			);
			path = CppBridge;
			sourceTree = "<group>";
		};
		53D199FB20A4BA3600A371E3 = {
			isa = PBXGroup;
			children = (
				53915C962152E3030090EEA6 /* FlipperKit */,
				53D19A0620A4BA3600A371E3 /* Products */,
				256B672257477FB71D3FAD20 /* Pods */,
				716CE00064F59AEDC5DB6AA8 /* Frameworks */,
			);
			sourceTree = "<group>";
		};
		53D19A0620A4BA3600A371E3 /* Products */ = {
			isa = PBXGroup;
			children = (
				53D19A0520A4BA3600A371E3 /* FlipperKit.framework */,
			);
			name = Products;
			sourceTree = "<group>";
		};
		716CE00064F59AEDC5DB6AA8 /* Frameworks */ = {
			isa = PBXGroup;
			children = (
				53D4C51120A5B89900613A96 /* Foundation.framework */,
				0D8E34F2706E57CC3C186A67 /* libPods-FlipperKit.a */,
			);
			name = Frameworks;
			sourceTree = "<group>";
		};
/* End PBXGroup section */

/* Begin PBXHeadersBuildPhase section */
		53D19A0220A4BA3600A371E3 /* Headers */ = {
			isa = PBXHeadersBuildPhase;
			buildActionMask = 2147483647;
			files = (
				53915CC22152E3040090EEA6 /* FlipperCppBridgingConnection.h in Headers */,
				53915CB22152E3040090EEA6 /* FlipperResponder.h in Headers */,
				53915CB72152E3040090EEA6 /* SKStateUpdateCPPWrapper.h in Headers */,
				53915CBB2152E3040090EEA6 /* FKPortForwardingCommon.h in Headers */,
				53915CB52152E3040090EEA6 /* FlipperClient.h in Headers */,
				53915CB62152E3040090EEA6 /* FlipperConnection.h in Headers */,
				53915CB82152E3040090EEA6 /* FlipperPlugin.h in Headers */,
				53915CC72152E3040090EEA6 /* FlipperDiagnosticsViewController.h in Headers */,
				53915CBA2152E3040090EEA6 /* FKPortForwardingServer.h in Headers */,
				53915CC12152E3040090EEA6 /* FlipperCppWrapperPlugin.h in Headers */,
				53915CBF2152E3040090EEA6 /* FlipperStateUpdateListener.h in Headers */,
				53915CC42152E3040090EEA6 /* FlipperCppBridgingResponder.h in Headers */,
				53915CC52152E3040090EEA6 /* SKMacros.h in Headers */,
				53915CBE2152E3040090EEA6 /* FBCxxFollyDynamicConvert.h in Headers */,
			);
			runOnlyForDeploymentPostprocessing = 0;
		};
/* End PBXHeadersBuildPhase section */

/* Begin PBXNativeTarget section */
		53D19A0420A4BA3600A371E3 /* FlipperKit */ = {
			isa = PBXNativeTarget;
			buildConfigurationList = 53D19A0D20A4BA3600A371E3 /* Build configuration list for PBXNativeTarget "FlipperKit" */;
			buildPhases = (
				CC935574E023944658E3DB85 /* [CP] Check Pods Manifest.lock */,
				53D19A0020A4BA3600A371E3 /* Sources */,
				53D19A0120A4BA3600A371E3 /* Frameworks */,
				53D19A0220A4BA3600A371E3 /* Headers */,
				53D19A0320A4BA3600A371E3 /* Resources */,
			);
			buildRules = (
			);
			dependencies = (
			);
			name = FlipperKit;
			productName = SonarKit;
			productReference = 53D19A0520A4BA3600A371E3 /* FlipperKit.framework */;
			productType = "com.apple.product-type.framework";
		};
/* End PBXNativeTarget section */

/* Begin PBXProject section */
		53D199FC20A4BA3600A371E3 /* Project object */ = {
			isa = PBXProject;
			attributes = {
				LastUpgradeCheck = 1310;
				ORGANIZATIONNAME = Facebook;
				TargetAttributes = {
					53D19A0420A4BA3600A371E3 = {
						CreatedOnToolsVersion = 9.2;
						LastSwiftMigration = 0920;
						ProvisioningStyle = Automatic;
					};
				};
			};
			buildConfigurationList = 53D199FF20A4BA3600A371E3 /* Build configuration list for PBXProject "FlipperKit" */;
			compatibilityVersion = "Xcode 8.0";
			developmentRegion = en;
			hasScannedForEncodings = 0;
			knownRegions = (
				en,
				Base,
			);
			mainGroup = 53D199FB20A4BA3600A371E3;
			productRefGroup = 53D19A0620A4BA3600A371E3 /* Products */;
			projectDirPath = "";
			projectRoot = "";
			targets = (
				53D19A0420A4BA3600A371E3 /* FlipperKit */,
			);
		};
/* End PBXProject section */

/* Begin PBXResourcesBuildPhase section */
		53D19A0320A4BA3600A371E3 /* Resources */ = {
			isa = PBXResourcesBuildPhase;
			buildActionMask = 2147483647;
			files = (
				53915CCA2152E31C0090EEA6 /* Plugins in Resources */,
			);
			runOnlyForDeploymentPostprocessing = 0;
		};
/* End PBXResourcesBuildPhase section */

/* Begin PBXShellScriptBuildPhase section */
		CC935574E023944658E3DB85 /* [CP] Check Pods Manifest.lock */ = {
			isa = PBXShellScriptBuildPhase;
			buildActionMask = 2147483647;
			files = (
			);
			inputPaths = (
				"${PODS_PODFILE_DIR_PATH}/Podfile.lock",
				"${PODS_ROOT}/Manifest.lock",
			);
			name = "[CP] Check Pods Manifest.lock";
			outputPaths = (
				"$(DERIVED_FILE_DIR)/Pods-FlipperKit-checkManifestLockResult.txt",
			);
			runOnlyForDeploymentPostprocessing = 0;
			shellPath = /bin/sh;
			shellScript = "diff \"${PODS_PODFILE_DIR_PATH}/Podfile.lock\" \"${PODS_ROOT}/Manifest.lock\" > /dev/null\nif [ $? != 0 ] ; then\n    # print error to STDERR\n    echo \"error: The sandbox is not in sync with the Podfile.lock. Run 'pod install' or update your CocoaPods installation.\" >&2\n    exit 1\nfi\n# This output is used by Xcode 'outputs' to avoid re-running this script phase.\necho \"SUCCESS\" > \"${SCRIPT_OUTPUT_FILE_0}\"\n";
			showEnvVarsInLog = 0;
		};
/* End PBXShellScriptBuildPhase section */

/* Begin PBXSourcesBuildPhase section */
		53D19A0020A4BA3600A371E3 /* Sources */ = {
			isa = PBXSourcesBuildPhase;
			buildActionMask = 2147483647;
			files = (
				53915CC32152E3040090EEA6 /* FlipperCppBridgingResponder.mm in Sources */,
				53915CB42152E3040090EEA6 /* FlipperDiagnosticsViewController.m in Sources */,
				53915CB92152E3040090EEA6 /* FlipperUtil.m in Sources */,
				53915CBC2152E3040090EEA6 /* FKPortForwardingServer.m in Sources */,
				53915CB32152E3040090EEA6 /* SKStateUpdateCPPWrapper.mm in Sources */,
				53915CBD2152E3040090EEA6 /* FBCxxFollyDynamicConvert.mm in Sources */,
				53915CC62152E3040090EEA6 /* FlipperClient.mm in Sources */,
				53915CC02152E3040090EEA6 /* FlipperCppBridgingConnection.mm in Sources */,
			);
			runOnlyForDeploymentPostprocessing = 0;
		};
/* End PBXSourcesBuildPhase section */

/* Begin XCBuildConfiguration section */
		53D19A0B20A4BA3600A371E3 /* Debug */ = {
			isa = XCBuildConfiguration;
			buildSettings = {
				ALWAYS_SEARCH_USER_PATHS = NO;
				CLANG_ANALYZER_NONNULL = YES;
				CLANG_ANALYZER_NUMBER_OBJECT_CONVERSION = YES_AGGRESSIVE;
				CLANG_CXX_LANGUAGE_STANDARD = "gnu++17";
				CLANG_CXX_LIBRARY = "compiler-default";
				CLANG_ENABLE_MODULES = YES;
				CLANG_ENABLE_OBJC_ARC = YES;
				CLANG_WARN_BLOCK_CAPTURE_AUTORELEASING = YES;
				CLANG_WARN_BOOL_CONVERSION = YES;
				CLANG_WARN_COMMA = YES;
				CLANG_WARN_CONSTANT_CONVERSION = YES;
				CLANG_WARN_CXX0X_EXTENSIONS = YES;
				CLANG_WARN_DEPRECATED_OBJC_IMPLEMENTATIONS = YES;
				CLANG_WARN_DIRECT_OBJC_ISA_USAGE = YES_ERROR;
				CLANG_WARN_DOCUMENTATION_COMMENTS = YES;
				CLANG_WARN_EMPTY_BODY = YES;
				CLANG_WARN_ENUM_CONVERSION = YES;
				CLANG_WARN_INFINITE_RECURSION = YES;
				CLANG_WARN_INT_CONVERSION = YES;
				CLANG_WARN_NON_LITERAL_NULL_CONVERSION = YES;
				CLANG_WARN_OBJC_IMPLICIT_RETAIN_SELF = YES;
				CLANG_WARN_OBJC_LITERAL_CONVERSION = YES;
				CLANG_WARN_OBJC_ROOT_CLASS = YES_ERROR;
				CLANG_WARN_QUOTED_INCLUDE_IN_FRAMEWORK_HEADER = YES;
				CLANG_WARN_RANGE_LOOP_ANALYSIS = YES;
				CLANG_WARN_STRICT_PROTOTYPES = YES;
				CLANG_WARN_SUSPICIOUS_MOVE = YES;
				CLANG_WARN_UNGUARDED_AVAILABILITY = YES_AGGRESSIVE;
				CLANG_WARN_UNREACHABLE_CODE = YES;
				CLANG_WARN__DUPLICATE_METHOD_MATCH = YES;
				CODE_SIGN_IDENTITY = "iPhone Developer";
				COPY_PHASE_STRIP = NO;
				CURRENT_PROJECT_VERSION = 1;
				DEBUG_INFORMATION_FORMAT = dwarf;
				ENABLE_STRICT_OBJC_MSGSEND = YES;
				ENABLE_TESTABILITY = YES;
				GCC_C_LANGUAGE_STANDARD = "compiler-default";
				GCC_DYNAMIC_NO_PIC = NO;
				GCC_NO_COMMON_BLOCKS = YES;
				GCC_OPTIMIZATION_LEVEL = 0;
				GCC_PREPROCESSOR_DEFINITIONS = (
					"DEBUG=1",
					"$(inherited)",
				);
				GCC_WARN_64_TO_32_BIT_CONVERSION = YES;
				GCC_WARN_ABOUT_RETURN_TYPE = YES_ERROR;
				GCC_WARN_UNDECLARED_SELECTOR = YES;
				GCC_WARN_UNINITIALIZED_AUTOS = YES_AGGRESSIVE;
				GCC_WARN_UNUSED_FUNCTION = YES;
				GCC_WARN_UNUSED_VARIABLE = YES;
				IPHONEOS_DEPLOYMENT_TARGET = 12.0;
				MTL_ENABLE_DEBUG_INFO = YES;
				ONLY_ACTIVE_ARCH = YES;
				SDKROOT = iphoneos;
				VERSIONING_SYSTEM = "apple-generic";
				VERSION_INFO_PREFIX = "";
			};
			name = Debug;
		};
		53D19A0C20A4BA3600A371E3 /* Release */ = {
			isa = XCBuildConfiguration;
			buildSettings = {
				ALWAYS_SEARCH_USER_PATHS = NO;
				CLANG_ANALYZER_NONNULL = YES;
				CLANG_ANALYZER_NUMBER_OBJECT_CONVERSION = YES_AGGRESSIVE;
				CLANG_CXX_LANGUAGE_STANDARD = "gnu++17";
				CLANG_CXX_LIBRARY = "compiler-default";
				CLANG_ENABLE_MODULES = YES;
				CLANG_ENABLE_OBJC_ARC = YES;
				CLANG_WARN_BLOCK_CAPTURE_AUTORELEASING = YES;
				CLANG_WARN_BOOL_CONVERSION = YES;
				CLANG_WARN_COMMA = YES;
				CLANG_WARN_CONSTANT_CONVERSION = YES;
				CLANG_WARN_CXX0X_EXTENSIONS = YES;
				CLANG_WARN_DEPRECATED_OBJC_IMPLEMENTATIONS = YES;
				CLANG_WARN_DIRECT_OBJC_ISA_USAGE = YES_ERROR;
				CLANG_WARN_DOCUMENTATION_COMMENTS = YES;
				CLANG_WARN_EMPTY_BODY = YES;
				CLANG_WARN_ENUM_CONVERSION = YES;
				CLANG_WARN_INFINITE_RECURSION = YES;
				CLANG_WARN_INT_CONVERSION = YES;
				CLANG_WARN_NON_LITERAL_NULL_CONVERSION = YES;
				CLANG_WARN_OBJC_IMPLICIT_RETAIN_SELF = YES;
				CLANG_WARN_OBJC_LITERAL_CONVERSION = YES;
				CLANG_WARN_OBJC_ROOT_CLASS = YES_ERROR;
				CLANG_WARN_QUOTED_INCLUDE_IN_FRAMEWORK_HEADER = YES;
				CLANG_WARN_RANGE_LOOP_ANALYSIS = YES;
				CLANG_WARN_STRICT_PROTOTYPES = YES;
				CLANG_WARN_SUSPICIOUS_MOVE = YES;
				CLANG_WARN_UNGUARDED_AVAILABILITY = YES_AGGRESSIVE;
				CLANG_WARN_UNREACHABLE_CODE = YES;
				CLANG_WARN__DUPLICATE_METHOD_MATCH = YES;
				CODE_SIGN_IDENTITY = "iPhone Developer";
				COPY_PHASE_STRIP = NO;
				CURRENT_PROJECT_VERSION = 1;
				DEBUG_INFORMATION_FORMAT = "dwarf-with-dsym";
				ENABLE_NS_ASSERTIONS = NO;
				ENABLE_STRICT_OBJC_MSGSEND = YES;
				GCC_C_LANGUAGE_STANDARD = "compiler-default";
				GCC_NO_COMMON_BLOCKS = YES;
				GCC_WARN_64_TO_32_BIT_CONVERSION = YES;
				GCC_WARN_ABOUT_RETURN_TYPE = YES_ERROR;
				GCC_WARN_UNDECLARED_SELECTOR = YES;
				GCC_WARN_UNINITIALIZED_AUTOS = YES_AGGRESSIVE;
				GCC_WARN_UNUSED_FUNCTION = YES;
				GCC_WARN_UNUSED_VARIABLE = YES;
				IPHONEOS_DEPLOYMENT_TARGET = 12.0;
				MTL_ENABLE_DEBUG_INFO = NO;
				SDKROOT = iphoneos;
				VALIDATE_PRODUCT = YES;
				VERSIONING_SYSTEM = "apple-generic";
				VERSION_INFO_PREFIX = "";
			};
			name = Release;
		};
		53D19A0E20A4BA3600A371E3 /* Debug */ = {
			isa = XCBuildConfiguration;
			baseConfigurationReference = 22B8670D786EA50E30082023 /* Pods-FlipperKit.debug.xcconfig */;
			buildSettings = {
				ALWAYS_SEARCH_USER_PATHS = NO;
				CLANG_CXX_LANGUAGE_STANDARD = "c++14";
				CLANG_CXX_LIBRARY = "libc++";
				CLANG_ENABLE_MODULES = YES;
				CODE_SIGN_IDENTITY = "";
				CODE_SIGN_STYLE = Automatic;
				DEFINES_MODULE = YES;
				DYLIB_COMPATIBILITY_VERSION = 1;
				DYLIB_CURRENT_VERSION = 1;
				DYLIB_INSTALL_NAME_BASE = "@rpath";
				GCC_PREPROCESSOR_DEFINITIONS = (
					"$(inherited)",
					"COCOAPODS=1",
				);
				GCC_USE_STANDARD_INCLUDE_SEARCHING = YES;
				HEADER_SEARCH_PATHS = (
					"${SRCROOT}/FlipperKit",
					"${SRCROOT}/../xplat/**",
					"$(inherited)",
					"${PODS_ROOT}/Headers/Public/DoubleConversion/**",
					"${PODS_ROOT}/boost-for-react-native",
					"${PODS_ROOT}/Headers/Public/Folly",
					"${PODS_ROOT}/DoubleConversion",
					"${PODS_ROOT}/Headers/Public/glog",
					"${PODS_ROOT}/Headers/Public/CocoaAsyncSocket",
					/usr/local/Cellar/openssl/1.0.2o_1/include,
					/opt/homebrew/Cellar/boost/1.76.0/include,
					"${SRCROOT}",
					"${SRCROOT}/Plugins/**",
				);
				INFOPLIST_FILE = "$(SRCROOT)/FlipperKit/Info.plist";
				INSTALL_PATH = "$(LOCAL_LIBRARY_DIR)/Frameworks";
				IPHONEOS_DEPLOYMENT_TARGET = 12.0;
				LD_RUNPATH_SEARCH_PATHS = "$(inherited) @executable_path/Frameworks @loader_path/Frameworks";
				OTHER_CPLUSPLUSFLAGS = (
					"$(OTHER_CFLAGS)",
					"-DFOLLY_NO_CONFIG=1",
					"-DFOLLY_USE_LIBCPP=1",
					"-DFOLLY_MOBILE=1",
					"-DFOLLY_HAVE_LIBGFLAGS=0",
					"-DFOLLY_USE_SYMBOLIZER=0",
					"-DFOLLY_HAVE_TFO=0",
					"-DFOLLY_HAVE_PWRITEV=0",
					"-DFOLLY_HAVE_PREADV=0",
					"-DFOLLY_HAVE_LIBJEMALLOC=0",
				);
				OTHER_LDFLAGS = (
					"$(inherited)",
					"-ObjC",
					"-l\"DoubleConversion\"",
					"-l\"Flipper-Folly\"",
					"-l\"glog\"",
					"-l\"stdc++\"",
					"-DFOLLY_NO_CONFIG=1",
					"-DFOLLY_MOBILE=1",
					"-DFOLLY_USE_LIBCPP=1",
					"-DFOLLY_HAVE_LIBGFLAGS=0",
					"-DFOLLY_HAVE_LIBJEMALLOC=0",
					"-DFOLLY_HAVE_PREADV=0",
					"-DFOLLY_HAVE_TFO=0",
					"-DFOLLY_USE_SYMBOLIZER=0",
					"-DFOLLY_HAVE_PWRITEV=0",
				);
				OTHER_LIBTOOLFLAGS = "";
				PRODUCT_BUNDLE_IDENTIFIER = FB.FlipperKit;
				PRODUCT_NAME = "$(TARGET_NAME:c99extidentifier)";
				SKIP_INSTALL = YES;
				SUPPORTS_MACCATALYST = NO;
				SWIFT_OPTIMIZATION_LEVEL = "-Onone";
				SWIFT_VERSION = 3.0;
				TARGETED_DEVICE_FAMILY = "1,2";
				USER_HEADER_SEARCH_PATHS = "";
				"USER_HEADER_SEARCH_PATHS[arch=*]" = "${SRCROOT}/FlipperKit/** ${SRCROOT}/../xplat/**";
				USE_HEADERMAP = YES;
				VALID_ARCHS = "armv7s armv7 arm64 arm64e";
			};
			name = Debug;
		};
		53D19A0F20A4BA3600A371E3 /* Release */ = {
			isa = XCBuildConfiguration;
			baseConfigurationReference = AF8587A796104EAC5B080F7D /* Pods-FlipperKit.release.xcconfig */;
			buildSettings = {
				ALWAYS_SEARCH_USER_PATHS = NO;
				CLANG_CXX_LANGUAGE_STANDARD = "c++14";
				CLANG_CXX_LIBRARY = "libc++";
				CLANG_ENABLE_MODULES = YES;
				CODE_SIGN_IDENTITY = "";
				CODE_SIGN_STYLE = Automatic;
				DEFINES_MODULE = YES;
				DYLIB_COMPATIBILITY_VERSION = 1;
				DYLIB_CURRENT_VERSION = 1;
				DYLIB_INSTALL_NAME_BASE = "@rpath";
				GCC_USE_STANDARD_INCLUDE_SEARCHING = YES;
				HEADER_SEARCH_PATHS = (
					"${SRCROOT}/FlipperKit",
					"${SRCROOT}/../xplat/**",
					"$(inherited)",
					"${PODS_ROOT}/Headers/Public/DoubleConversion/**",
					"${PODS_ROOT}/boost-for-react-native",
					"${PODS_ROOT}/Headers/Public/Folly",
					"${PODS_ROOT}/DoubleConversion",
					"${PODS_ROOT}/Headers/Public/glog",
					"${PODS_ROOT}/Headers/Public/CocoaAsyncSocket",
					/usr/local/Cellar/openssl/1.0.2o_1/include,
					"${SRCROOT}",
					"${SRCROOT}/Plugins/**",
				);
				INFOPLIST_FILE = "$(SRCROOT)/FlipperKit/Info.plist";
				INSTALL_PATH = "$(LOCAL_LIBRARY_DIR)/Frameworks";
				IPHONEOS_DEPLOYMENT_TARGET = 12.0;
				LD_RUNPATH_SEARCH_PATHS = "$(inherited) @executable_path/Frameworks @loader_path/Frameworks";
				OTHER_CPLUSPLUSFLAGS = (
					"$(OTHER_CFLAGS)",
					"-DFOLLY_NO_CONFIG=1",
					"-DFOLLY_USE_LIBCPP=1",
					"-DFOLLY_MOBILE=1",
					"-DFOLLY_HAVE_LIBGFLAGS=0",
					"-DFOLLY_USE_SYMBOLIZER=0",
					"-DFOLLY_HAVE_TFO=0",
					"-DFOLLY_HAVE_PWRITEV=0",
					"-DFOLLY_HAVE_PREADV=0",
					"-DFOLLY_HAVE_LIBJEMALLOC=0",
				);
				OTHER_LDFLAGS = (
					"$(inherited)",
					"-ObjC",
					"-l\"DoubleConversion\"",
					"-l\"Flipper-Folly\"",
					"-l\"glog\"",
					"-l\"stdc++\"",
					"-DFOLLY_NO_CONFIG=1",
					"-DFOLLY_MOBILE=1",
					"-DFOLLY_USE_LIBCPP=1",
					"-DFOLLY_HAVE_LIBGFLAGS=0",
					"-DFOLLY_HAVE_LIBJEMALLOC=0",
					"-DFOLLY_HAVE_PREADV=0",
					"-DFOLLY_HAVE_TFO=0",
					"-DFOLLY_USE_SYMBOLIZER=0",
					"-DFOLLY_HAVE_PWRITEV=0",
				);
				OTHER_LIBTOOLFLAGS = "";
				PRODUCT_BUNDLE_IDENTIFIER = FB.FlipperKit;
				PRODUCT_NAME = "$(TARGET_NAME:c99extidentifier)";
				SKIP_INSTALL = YES;
				SUPPORTS_MACCATALYST = NO;
				SWIFT_VERSION = 3.0;
				TARGETED_DEVICE_FAMILY = "1,2";
				USER_HEADER_SEARCH_PATHS = "";
				USE_HEADERMAP = YES;
				VALID_ARCHS = "armv7s armv7 arm64 arm64e";
			};
			name = Release;
		};
/* End XCBuildConfiguration section */

/* Begin XCConfigurationList section */
		53D199FF20A4BA3600A371E3 /* Build configuration list for PBXProject "FlipperKit" */ = {
			isa = XCConfigurationList;
			buildConfigurations = (
				53D19A0B20A4BA3600A371E3 /* Debug */,
				53D19A0C20A4BA3600A371E3 /* Release */,
			);
			defaultConfigurationIsVisible = 0;
			defaultConfigurationName = Release;
		};
		53D19A0D20A4BA3600A371E3 /* Build configuration list for PBXNativeTarget "FlipperKit" */ = {
			isa = XCConfigurationList;
			buildConfigurations = (
				53D19A0E20A4BA3600A371E3 /* Debug */,
				53D19A0F20A4BA3600A371E3 /* Release */,
			);
			defaultConfigurationIsVisible = 0;
			defaultConfigurationName = Release;
		};
/* End XCConfigurationList section */
	};
	rootObject = 53D199FC20A4BA3600A371E3 /* Project object */;
}
