PODS:
  - boost (1.76.0)
  - CocoaAsyncSocket (7.6.5)
  - DoubleConversion (1.1.6)
  - FBLazyVector (0.67.4)
  - FBReactNativeSpec (0.67.4):
    - RCT-Folly (= 2021.06.28.00-v2)
    - RCTRequired (= 0.67.4)
    - RCTTypeSafety (= 0.67.4)
    - React-Core (= 0.67.4)
    - React-jsi (= 0.67.4)
    - ReactCommon/turbomodule/core (= 0.67.4)
  - Flipper (0.144.0):
    - Flipper-Folly (~> 2.6)
  - Flipper-Boost-iOSX (1.76.0.1.11)
  - Flipper-DoubleConversion (3.2.0)
  - Flipper-Fmt (7.1.7)
  - Flipper-Folly (2.6.10):
    - Flipper-Boost-iOSX
    - Flipper-DoubleConversion
    - Flipper-Fmt (= 7.1.7)
    - Flipper-Glog
    - libevent (~> 2.1.12)
    - OpenSSL-Universal (= 1.1.1100)
  - Flipper-Glog (0.5.0.3)
  - Flipper-PeerTalk (0.0.4)
  - Flipper-RSocket (1.4.3):
    - Flipper-Folly (~> 2.6)
  - FlipperKit (0.144.0):
    - FlipperKit/Core (= 0.144.0)
  - FlipperKit/Core (0.144.0):
    - Flipper (~> 0.144.0)
    - FlipperKit/CppBridge
    - FlipperKit/FBCxxFollyDynamicConvert
    - FlipperKit/FBDefines
    - FlipperKit/FKPortForwarding
    - SocketRocket (~> 0.6.0)
  - FlipperKit/CppBridge (0.144.0):
    - Flipper (~> 0.144.0)
  - FlipperKit/FBCxxFollyDynamicConvert (0.144.0):
    - Flipper-Folly (~> 2.6)
  - FlipperKit/FBDefines (0.144.0)
  - FlipperKit/FKPortForwarding (0.144.0):
    - CocoaAsyncSocket (~> 7.6)
    - Flipper-PeerTalk (~> 0.0.4)
  - FlipperKit/FlipperKitHighlightOverlay (0.144.0)
  - FlipperKit/FlipperKitLayoutHelpers (0.144.0):
    - FlipperKit/Core
    - FlipperKit/FlipperKitHighlightOverlay
    - FlipperKit/FlipperKitLayoutTextSearchable
  - FlipperKit/FlipperKitLayoutIOSDescriptors (0.144.0):
    - FlipperKit/Core
    - FlipperKit/FlipperKitHighlightOverlay
    - FlipperKit/FlipperKitLayoutHelpers
    - YogaKit (~> 1.18)
  - FlipperKit/FlipperKitLayoutPlugin (0.144.0):
    - FlipperKit/Core
    - FlipperKit/FlipperKitHighlightOverlay
    - FlipperKit/FlipperKitLayoutHelpers
    - FlipperKit/FlipperKitLayoutIOSDescriptors
    - FlipperKit/FlipperKitLayoutTextSearchable
    - YogaKit (~> 1.18)
  - FlipperKit/FlipperKitLayoutTextSearchable (0.144.0)
  - FlipperKit/FlipperKitNetworkPlugin (0.144.0):
    - FlipperKit/Core
  - FlipperKit/FlipperKitReactPlugin (0.144.0):
    - FlipperKit/Core
  - FlipperKit/FlipperKitUserDefaultsPlugin (0.144.0):
    - FlipperKit/Core
  - FlipperKit/SKIOSNetworkPlugin (0.144.0):
    - FlipperKit/Core
    - FlipperKit/FlipperKitNetworkPlugin
  - fmt (6.2.1)
  - glog (0.3.5)
  - hermes-engine (0.9.0)
  - libevent (2.1.12)
  - OpenSSL-Universal (1.1.1100)
  - RCT-Folly (2021.06.28.00-v2):
    - boost
    - DoubleConversion
    - fmt (~> 6.2.1)
    - glog
    - RCT-Folly/Default (= 2021.06.28.00-v2)
  - RCT-Folly/Default (2021.06.28.00-v2):
    - boost
    - DoubleConversion
    - fmt (~> 6.2.1)
    - glog
  - RCT-Folly/Futures (2021.06.28.00-v2):
    - boost
    - DoubleConversion
    - fmt (~> 6.2.1)
    - glog
    - libevent
  - RCTRequired (0.67.4)
  - RCTTypeSafety (0.67.4):
    - FBLazyVector (= 0.67.4)
    - RCT-Folly (= 2021.06.28.00-v2)
    - RCTRequired (= 0.67.4)
    - React-Core (= 0.67.4)
  - React (0.67.4):
    - React-Core (= 0.67.4)
    - React-Core/DevSupport (= 0.67.4)
    - React-Core/RCTWebSocket (= 0.67.4)
    - React-RCTActionSheet (= 0.67.4)
    - React-RCTAnimation (= 0.67.4)
    - React-RCTBlob (= 0.67.4)
    - React-RCTImage (= 0.67.4)
    - React-RCTLinking (= 0.67.4)
    - React-RCTNetwork (= 0.67.4)
    - React-RCTSettings (= 0.67.4)
    - React-RCTText (= 0.67.4)
    - React-RCTVibration (= 0.67.4)
  - React-callinvoker (0.67.4)
  - React-Core (0.67.4):
    - glog
    - RCT-Folly (= 2021.06.28.00-v2)
    - React-Core/Default (= 0.67.4)
    - React-cxxreact (= 0.67.4)
    - React-jsi (= 0.67.4)
    - React-jsiexecutor (= 0.67.4)
    - React-perflogger (= 0.67.4)
    - Yoga
  - React-Core/CoreModulesHeaders (0.67.4):
    - glog
    - RCT-Folly (= 2021.06.28.00-v2)
    - React-Core/Default
    - React-cxxreact (= 0.67.4)
    - React-jsi (= 0.67.4)
    - React-jsiexecutor (= 0.67.4)
    - React-perflogger (= 0.67.4)
    - Yoga
  - React-Core/Default (0.67.4):
    - glog
    - RCT-Folly (= 2021.06.28.00-v2)
    - React-cxxreact (= 0.67.4)
    - React-jsi (= 0.67.4)
    - React-jsiexecutor (= 0.67.4)
    - React-perflogger (= 0.67.4)
    - Yoga
  - React-Core/DevSupport (0.67.4):
    - glog
    - RCT-Folly (= 2021.06.28.00-v2)
    - React-Core/Default (= 0.67.4)
    - React-Core/RCTWebSocket (= 0.67.4)
    - React-cxxreact (= 0.67.4)
    - React-jsi (= 0.67.4)
    - React-jsiexecutor (= 0.67.4)
    - React-jsinspector (= 0.67.4)
    - React-perflogger (= 0.67.4)
    - Yoga
  - React-Core/RCTActionSheetHeaders (0.67.4):
    - glog
    - RCT-Folly (= 2021.06.28.00-v2)
    - React-Core/Default
    - React-cxxreact (= 0.67.4)
    - React-jsi (= 0.67.4)
    - React-jsiexecutor (= 0.67.4)
    - React-perflogger (= 0.67.4)
    - Yoga
  - React-Core/RCTAnimationHeaders (0.67.4):
    - glog
    - RCT-Folly (= 2021.06.28.00-v2)
    - React-Core/Default
    - React-cxxreact (= 0.67.4)
    - React-jsi (= 0.67.4)
    - React-jsiexecutor (= 0.67.4)
    - React-perflogger (= 0.67.4)
    - Yoga
  - React-Core/RCTBlobHeaders (0.67.4):
    - glog
    - RCT-Folly (= 2021.06.28.00-v2)
    - React-Core/Default
    - React-cxxreact (= 0.67.4)
    - React-jsi (= 0.67.4)
    - React-jsiexecutor (= 0.67.4)
    - React-perflogger (= 0.67.4)
    - Yoga
  - React-Core/RCTImageHeaders (0.67.4):
    - glog
    - RCT-Folly (= 2021.06.28.00-v2)
    - React-Core/Default
    - React-cxxreact (= 0.67.4)
    - React-jsi (= 0.67.4)
    - React-jsiexecutor (= 0.67.4)
    - React-perflogger (= 0.67.4)
    - Yoga
  - React-Core/RCTLinkingHeaders (0.67.4):
    - glog
    - RCT-Folly (= 2021.06.28.00-v2)
    - React-Core/Default
    - React-cxxreact (= 0.67.4)
    - React-jsi (= 0.67.4)
    - React-jsiexecutor (= 0.67.4)
    - React-perflogger (= 0.67.4)
    - Yoga
  - React-Core/RCTNetworkHeaders (0.67.4):
    - glog
    - RCT-Folly (= 2021.06.28.00-v2)
    - React-Core/Default
    - React-cxxreact (= 0.67.4)
    - React-jsi (= 0.67.4)
    - React-jsiexecutor (= 0.67.4)
    - React-perflogger (= 0.67.4)
    - Yoga
  - React-Core/RCTSettingsHeaders (0.67.4):
    - glog
    - RCT-Folly (= 2021.06.28.00-v2)
    - React-Core/Default
    - React-cxxreact (= 0.67.4)
    - React-jsi (= 0.67.4)
    - React-jsiexecutor (= 0.67.4)
    - React-perflogger (= 0.67.4)
    - Yoga
  - React-Core/RCTTextHeaders (0.67.4):
    - glog
    - RCT-Folly (= 2021.06.28.00-v2)
    - React-Core/Default
    - React-cxxreact (= 0.67.4)
    - React-jsi (= 0.67.4)
    - React-jsiexecutor (= 0.67.4)
    - React-perflogger (= 0.67.4)
    - Yoga
  - React-Core/RCTVibrationHeaders (0.67.4):
    - glog
    - RCT-Folly (= 2021.06.28.00-v2)
    - React-Core/Default
    - React-cxxreact (= 0.67.4)
    - React-jsi (= 0.67.4)
    - React-jsiexecutor (= 0.67.4)
    - React-perflogger (= 0.67.4)
    - Yoga
  - React-Core/RCTWebSocket (0.67.4):
    - glog
    - RCT-Folly (= 2021.06.28.00-v2)
    - React-Core/Default (= 0.67.4)
    - React-cxxreact (= 0.67.4)
    - React-jsi (= 0.67.4)
    - React-jsiexecutor (= 0.67.4)
    - React-perflogger (= 0.67.4)
    - Yoga
  - React-CoreModules (0.67.4):
    - FBReactNativeSpec (= 0.67.4)
    - RCT-Folly (= 2021.06.28.00-v2)
    - RCTTypeSafety (= 0.67.4)
    - React-Core/CoreModulesHeaders (= 0.67.4)
    - React-jsi (= 0.67.4)
    - React-RCTImage (= 0.67.4)
    - ReactCommon/turbomodule/core (= 0.67.4)
  - React-cxxreact (0.67.4):
    - boost (= 1.76.0)
    - DoubleConversion
    - glog
    - RCT-Folly (= 2021.06.28.00-v2)
    - React-callinvoker (= 0.67.4)
    - React-jsi (= 0.67.4)
    - React-jsinspector (= 0.67.4)
    - React-logger (= 0.67.4)
    - React-perflogger (= 0.67.4)
    - React-runtimeexecutor (= 0.67.4)
  - React-hermes (0.67.4):
    - DoubleConversion
    - glog
    - hermes-engine
    - RCT-Folly (= 2021.06.28.00-v2)
    - RCT-Folly/Futures (= 2021.06.28.00-v2)
    - React-cxxreact (= 0.67.4)
    - React-jsi (= 0.67.4)
    - React-jsiexecutor (= 0.67.4)
    - React-jsinspector (= 0.67.4)
    - React-perflogger (= 0.67.4)
  - React-jsi (0.67.4):
    - boost (= 1.76.0)
    - DoubleConversion
    - glog
    - RCT-Folly (= 2021.06.28.00-v2)
    - React-jsi/Default (= 0.67.4)
  - React-jsi/Default (0.67.4):
    - boost (= 1.76.0)
    - DoubleConversion
    - glog
    - RCT-Folly (= 2021.06.28.00-v2)
  - React-jsiexecutor (0.67.4):
    - DoubleConversion
    - glog
    - RCT-Folly (= 2021.06.28.00-v2)
    - React-cxxreact (= 0.67.4)
    - React-jsi (= 0.67.4)
    - React-perflogger (= 0.67.4)
  - React-jsinspector (0.67.4)
  - React-logger (0.67.4):
    - glog
  - react-native-flipper (0.138.0):
    - React-Core
  - React-perflogger (0.67.4)
  - React-RCTActionSheet (0.67.4):
    - React-Core/RCTActionSheetHeaders (= 0.67.4)
  - React-RCTAnimation (0.67.4):
    - FBReactNativeSpec (= 0.67.4)
    - RCT-Folly (= 2021.06.28.00-v2)
    - RCTTypeSafety (= 0.67.4)
    - React-Core/RCTAnimationHeaders (= 0.67.4)
    - React-jsi (= 0.67.4)
    - ReactCommon/turbomodule/core (= 0.67.4)
  - React-RCTBlob (0.67.4):
    - FBReactNativeSpec (= 0.67.4)
    - RCT-Folly (= 2021.06.28.00-v2)
    - React-Core/RCTBlobHeaders (= 0.67.4)
    - React-Core/RCTWebSocket (= 0.67.4)
    - React-jsi (= 0.67.4)
    - React-RCTNetwork (= 0.67.4)
    - ReactCommon/turbomodule/core (= 0.67.4)
  - React-RCTImage (0.67.4):
    - FBReactNativeSpec (= 0.67.4)
    - RCT-Folly (= 2021.06.28.00-v2)
    - RCTTypeSafety (= 0.67.4)
    - React-Core/RCTImageHeaders (= 0.67.4)
    - React-jsi (= 0.67.4)
    - React-RCTNetwork (= 0.67.4)
    - ReactCommon/turbomodule/core (= 0.67.4)
  - React-RCTLinking (0.67.4):
    - FBReactNativeSpec (= 0.67.4)
    - React-Core/RCTLinkingHeaders (= 0.67.4)
    - React-jsi (= 0.67.4)
    - ReactCommon/turbomodule/core (= 0.67.4)
  - React-RCTNetwork (0.67.4):
    - FBReactNativeSpec (= 0.67.4)
    - RCT-Folly (= 2021.06.28.00-v2)
    - RCTTypeSafety (= 0.67.4)
    - React-Core/RCTNetworkHeaders (= 0.67.4)
    - React-jsi (= 0.67.4)
    - ReactCommon/turbomodule/core (= 0.67.4)
  - React-RCTSettings (0.67.4):
    - FBReactNativeSpec (= 0.67.4)
    - RCT-Folly (= 2021.06.28.00-v2)
    - RCTTypeSafety (= 0.67.4)
    - React-Core/RCTSettingsHeaders (= 0.67.4)
    - React-jsi (= 0.67.4)
    - ReactCommon/turbomodule/core (= 0.67.4)
  - React-RCTText (0.67.4):
    - React-Core/RCTTextHeaders (= 0.67.4)
  - React-RCTVibration (0.67.4):
    - FBReactNativeSpec (= 0.67.4)
    - RCT-Folly (= 2021.06.28.00-v2)
    - React-Core/RCTVibrationHeaders (= 0.67.4)
    - React-jsi (= 0.67.4)
    - ReactCommon/turbomodule/core (= 0.67.4)
  - React-runtimeexecutor (0.67.4):
    - React-jsi (= 0.67.4)
  - ReactCommon/turbomodule/core (0.67.4):
    - DoubleConversion
    - glog
    - RCT-Folly (= 2021.06.28.00-v2)
    - React-callinvoker (= 0.67.4)
    - React-Core (= 0.67.4)
    - React-cxxreact (= 0.67.4)
    - React-jsi (= 0.67.4)
    - React-logger (= 0.67.4)
    - React-perflogger (= 0.67.4)
  - SocketRocket (0.6.0)
  - Yoga (1.14.0)
  - YogaKit (1.18.1):
    - Yoga (~> 1.14)

DEPENDENCIES:
  - boost (from `../node_modules/react-native/third-party-podspecs/boost.podspec`)
  - DoubleConversion (from `../node_modules/react-native/third-party-podspecs/DoubleConversion.podspec`)
  - FBLazyVector (from `../node_modules/react-native/Libraries/FBLazyVector`)
  - FBReactNativeSpec (from `../node_modules/react-native/React/FBReactNativeSpec`)
  - Flipper (= 0.144.0)
  - Flipper-Boost-iOSX (= 1.76.0.1.11)
  - Flipper-DoubleConversion (= 3.2.0)
  - Flipper-Fmt (= 7.1.7)
  - Flipper-Folly (= 2.6.10)
  - Flipper-Glog (= 0.5.0.3)
  - Flipper-PeerTalk (= 0.0.4)
  - Flipper-RSocket (= 1.4.3)
  - FlipperKit (= 0.144.0)
  - FlipperKit/Core (= 0.144.0)
  - FlipperKit/CppBridge (= 0.144.0)
  - FlipperKit/FBCxxFollyDynamicConvert (= 0.144.0)
  - FlipperKit/FBDefines (= 0.144.0)
  - FlipperKit/FKPortForwarding (= 0.144.0)
  - FlipperKit/FlipperKitHighlightOverlay (= 0.144.0)
  - FlipperKit/FlipperKitLayoutPlugin (= 0.144.0)
  - FlipperKit/FlipperKitLayoutTextSearchable (= 0.144.0)
  - FlipperKit/FlipperKitNetworkPlugin (= 0.144.0)
  - FlipperKit/FlipperKitReactPlugin (= 0.144.0)
  - FlipperKit/FlipperKitUserDefaultsPlugin (= 0.144.0)
  - FlipperKit/SKIOSNetworkPlugin (= 0.144.0)
  - glog (from `../node_modules/react-native/third-party-podspecs/glog.podspec`)
  - hermes-engine (~> 0.9.0)
  - libevent (~> 2.1.12)
  - OpenSSL-Universal (= 1.1.1100)
  - RCT-Folly (from `../node_modules/react-native/third-party-podspecs/RCT-Folly.podspec`)
  - RCTRequired (from `../node_modules/react-native/Libraries/RCTRequired`)
  - RCTTypeSafety (from `../node_modules/react-native/Libraries/TypeSafety`)
  - React (from `../node_modules/react-native/`)
  - React-callinvoker (from `../node_modules/react-native/ReactCommon/callinvoker`)
  - React-Core (from `../node_modules/react-native/`)
  - React-Core/DevSupport (from `../node_modules/react-native/`)
  - React-Core/RCTWebSocket (from `../node_modules/react-native/`)
  - React-CoreModules (from `../node_modules/react-native/React/CoreModules`)
  - React-cxxreact (from `../node_modules/react-native/ReactCommon/cxxreact`)
  - React-hermes (from `../node_modules/react-native/ReactCommon/hermes`)
  - React-jsi (from `../node_modules/react-native/ReactCommon/jsi`)
  - React-jsiexecutor (from `../node_modules/react-native/ReactCommon/jsiexecutor`)
  - React-jsinspector (from `../node_modules/react-native/ReactCommon/jsinspector`)
  - React-logger (from `../node_modules/react-native/ReactCommon/logger`)
  - react-native-flipper (from `../node_modules/react-native-flipper`)
  - React-perflogger (from `../node_modules/react-native/ReactCommon/reactperflogger`)
  - React-RCTActionSheet (from `../node_modules/react-native/Libraries/ActionSheetIOS`)
  - React-RCTAnimation (from `../node_modules/react-native/Libraries/NativeAnimation`)
  - React-RCTBlob (from `../node_modules/react-native/Libraries/Blob`)
  - React-RCTImage (from `../node_modules/react-native/Libraries/Image`)
  - React-RCTLinking (from `../node_modules/react-native/Libraries/LinkingIOS`)
  - React-RCTNetwork (from `../node_modules/react-native/Libraries/Network`)
  - React-RCTSettings (from `../node_modules/react-native/Libraries/Settings`)
  - React-RCTText (from `../node_modules/react-native/Libraries/Text`)
  - React-RCTVibration (from `../node_modules/react-native/Libraries/Vibration`)
  - React-runtimeexecutor (from `../node_modules/react-native/ReactCommon/runtimeexecutor`)
  - ReactCommon/turbomodule/core (from `../node_modules/react-native/ReactCommon`)
  - Yoga (from `../node_modules/react-native/ReactCommon/yoga`)

SPEC REPOS:
  https://github.com/CocoaPods/Specs:
    - CocoaAsyncSocket
    - Flipper
    - Flipper-Boost-iOSX
    - Flipper-DoubleConversion
    - Flipper-Fmt
    - Flipper-Folly
    - Flipper-Glog
    - Flipper-PeerTalk
    - Flipper-RSocket
    - FlipperKit
    - fmt
    - hermes-engine
    - libevent
    - OpenSSL-Universal
    - SocketRocket
    - YogaKit

EXTERNAL SOURCES:
  boost:
    :podspec: "../node_modules/react-native/third-party-podspecs/boost.podspec"
  DoubleConversion:
    :podspec: "../node_modules/react-native/third-party-podspecs/DoubleConversion.podspec"
  FBLazyVector:
    :path: "../node_modules/react-native/Libraries/FBLazyVector"
  FBReactNativeSpec:
    :path: "../node_modules/react-native/React/FBReactNativeSpec"
  glog:
    :podspec: "../node_modules/react-native/third-party-podspecs/glog.podspec"
  RCT-Folly:
    :podspec: "../node_modules/react-native/third-party-podspecs/RCT-Folly.podspec"
  RCTRequired:
    :path: "../node_modules/react-native/Libraries/RCTRequired"
  RCTTypeSafety:
    :path: "../node_modules/react-native/Libraries/TypeSafety"
  React:
    :path: "../node_modules/react-native/"
  React-callinvoker:
    :path: "../node_modules/react-native/ReactCommon/callinvoker"
  React-Core:
    :path: "../node_modules/react-native/"
  React-CoreModules:
    :path: "../node_modules/react-native/React/CoreModules"
  React-cxxreact:
    :path: "../node_modules/react-native/ReactCommon/cxxreact"
  React-hermes:
    :path: "../node_modules/react-native/ReactCommon/hermes"
  React-jsi:
    :path: "../node_modules/react-native/ReactCommon/jsi"
  React-jsiexecutor:
    :path: "../node_modules/react-native/ReactCommon/jsiexecutor"
  React-jsinspector:
    :path: "../node_modules/react-native/ReactCommon/jsinspector"
  React-logger:
    :path: "../node_modules/react-native/ReactCommon/logger"
  react-native-flipper:
    :path: "../node_modules/react-native-flipper"
  React-perflogger:
    :path: "../node_modules/react-native/ReactCommon/reactperflogger"
  React-RCTActionSheet:
    :path: "../node_modules/react-native/Libraries/ActionSheetIOS"
  React-RCTAnimation:
    :path: "../node_modules/react-native/Libraries/NativeAnimation"
  React-RCTBlob:
    :path: "../node_modules/react-native/Libraries/Blob"
  React-RCTImage:
    :path: "../node_modules/react-native/Libraries/Image"
  React-RCTLinking:
    :path: "../node_modules/react-native/Libraries/LinkingIOS"
  React-RCTNetwork:
    :path: "../node_modules/react-native/Libraries/Network"
  React-RCTSettings:
    :path: "../node_modules/react-native/Libraries/Settings"
  React-RCTText:
    :path: "../node_modules/react-native/Libraries/Text"
  React-RCTVibration:
    :path: "../node_modules/react-native/Libraries/Vibration"
  React-runtimeexecutor:
    :path: "../node_modules/react-native/ReactCommon/runtimeexecutor"
  ReactCommon:
    :path: "../node_modules/react-native/ReactCommon"
  Yoga:
    :path: "../node_modules/react-native/ReactCommon/yoga"

SPEC CHECKSUMS:
  boost: a7c83b31436843459a1961bfd74b96033dc77234
  CocoaAsyncSocket: 065fd1e645c7abab64f7a6a2007a48038fdc6a99
  DoubleConversion: 831926d9b8bf8166fd87886c4abab286c2422662
  FBLazyVector: f7b0632c6437e312acf6349288d9aa4cb6d59030
  FBReactNativeSpec: 0f4e1f4cfeace095694436e7c7fcc5bf4b03a0ff
  Flipper: 9b2752b108b70b4c1fa895f055502b9fe828bef7
  Flipper-Boost-iOSX: fd1e2b8cbef7e662a122412d7ac5f5bea715403c
  Flipper-DoubleConversion: 3d3d04a078d4f3a1b6c6916587f159dc11f232c4
  Flipper-Fmt: 60cbdd92fc254826e61d669a5d87ef7015396a9b
  Flipper-Folly: 584845625005ff068a6ebf41f857f468decd26b3
  Flipper-Glog: 7761f5362d23ead28c19afc2dd1d819f00e40df9
  Flipper-PeerTalk: 116d8f857dc6ef55c7a5a75ea3ceaafe878aadc9
  Flipper-RSocket: d9d9ade67cbecf6ac10730304bf5607266dd2541
  FlipperKit: 11d724824ee4dbe7ee77ecafd99968890f6c5bf6
  fmt: ff9d55029c625d3757ed641535fd4a75fedc7ce9
  glog: 85ecdd10ee8d8ec362ef519a6a45ff9aa27b2e85
  hermes-engine: bf7577d12ac6ccf53ab8b5af3c6ccf0dd8458c5c
  libevent: 4049cae6c81cdb3654a443be001fb9bdceff7913
  OpenSSL-Universal: ebc357f1e6bc71fa463ccb2fe676756aff50e88c
  RCT-Folly: 803a9cfd78114b2ec0f140cfa6fa2a6bafb2d685
  RCTRequired: 0aa6c1c27e1d65920df35ceea5341a5fe76bdb79
  RCTTypeSafety: d76a59d00632891e11ed7522dba3fd1a995e573a
  React: ab8c09da2e7704f4b3ebad4baa6cfdfcc852dcb5
  React-callinvoker: 216fb96b482da516b8aba4142b145938f6ea92f0
  React-Core: af99b93aff83599485e0e0879879aafa35ceae32
  React-CoreModules: 137a054ce8c547e81dc3502933b1bc0fd08df05d
  React-cxxreact: ec5ee6b08664f5b8ac71d8ad912f54d540c4f817
  React-hermes: 644e034cf9eb99c2f867c325c589c85b5c918ef7
  React-jsi: 3e084c80fd364cee64668d5df46d40c39f7973e1
  React-jsiexecutor: cbdf37cebdc4f5d8b3d0bf5ccaa6147fd9de9f3d
  React-jsinspector: f4775ea9118cbe1f72b834f0f842baa7a99508d8
  React-logger: a1f028f6d8639a3f364ef80419e5e862e1115250
  react-native-flipper: 51a1b8f34ce185e028f8158382c3882d6ea3cccf
  React-perflogger: 0afaf2f01a47fd0fc368a93bfbb5bd3b26db6e7f
  React-RCTActionSheet: 59f35c4029e0b532fc42114241a06e170b7431a2
  React-RCTAnimation: aae4f4bed122e78bdab72f7118d291d70a932ce2
  React-RCTBlob: f6fb23394b4f28cd86fa7e9f5f6ae45c23669fda
  React-RCTImage: 638815cf96124386dd296067246d91441932ae3f
  React-RCTLinking: 254dd06283dd6fdb784285f95e7cec8053c3270f
  React-RCTNetwork: 8a4c2d4f357268e520b060572d02bc69a9b991fb
  React-RCTSettings: 35d44cbb9972ab933bd0a59ea3e6646dcb030ba3
  React-RCTText: cc5315df8458cfa7b537e621271ef43273955a97
  React-RCTVibration: 3b52a7dced19cdb025b4f88ab26ceb2d85f30ba2
  React-runtimeexecutor: a9d3c82ddf7ffdad9fbe6a81c6d6f8c06385464d
  ReactCommon: 07d0c460b9ba9af3eaf1b8f5abe7daaad28c9c4e
  SocketRocket: fccef3f9c5cedea1353a9ef6ada904fde10d6608
  Yoga: d6b6a80659aa3e91aaba01d0012e7edcbedcbecd
  YogaKit: f782866e155069a2cca2517aafea43200b01fd5a

PODFILE CHECKSUM: ce2aed7fb31fb7219ca5f847e6a33b5c5232ef16

COCOAPODS: 1.11.3
