PODS:
  - boost (1.76.0)
  - CocoaAsyncSocket (7.6.5)
  - DoubleConversion (1.1.6)
  - FBLazyVector (0.67.1)
  - FBReactNativeSpec (0.67.1):
    - RCT-Folly (= 2021.06.28.00-v2)
    - RCTRequired (= 0.67.1)
    - RCTTypeSafety (= 0.67.1)
    - React-Core (= 0.67.1)
    - React-jsi (= 0.67.1)
    - ReactCommon/turbomodule/core (= 0.67.1)
  - Flipper (0.132.0):
    - Flipper-Folly (~> 2.6)
    - Flipper-RSocket (~> 1.4)
  - Flipper-Boost-iOSX (1.76.0.1.11)
  - Flipper-DoubleConversion (3.1.7)
  - Flipper-Fmt (7.1.7)
  - Flipper-Folly (2.6.10):
    - Flipper-Boost-iOSX
    - Flipper-DoubleConversion
    - Flipper-Fmt (= 7.1.7)
    - Flipper-Glog
    - libevent (~> 2.1.12)
    - OpenSSL-Universal (= 1.1.1100)
  - Flipper-Glog (0.3.9)
  - Flipper-PeerTalk (0.0.4)
  - Flipper-RSocket (1.4.3):
    - Flipper-Folly (~> 2.6)
  - FlipperKit (0.132.0):
    - FlipperKit/Core (= 0.132.0)
  - FlipperKit/Core (0.132.0):
    - Flipper (~> 0.132.0)
    - FlipperKit/CppBridge
    - FlipperKit/FBCxxFollyDynamicConvert
    - FlipperKit/FBDefines
    - FlipperKit/FKPortForwarding
    - SocketRocket (~> 0.6.0)
  - FlipperKit/CppBridge (0.132.0):
    - Flipper (~> 0.132.0)
  - FlipperKit/FBCxxFollyDynamicConvert (0.132.0):
    - Flipper-Folly (~> 2.6)
  - FlipperKit/FBDefines (0.132.0)
  - FlipperKit/FKPortForwarding (0.132.0):
    - CocoaAsyncSocket (~> 7.6)
    - Flipper-PeerTalk (~> 0.0.4)
  - FlipperKit/FlipperKitHighlightOverlay (0.132.0)
  - FlipperKit/FlipperKitLayoutHelpers (0.132.0):
    - FlipperKit/Core
    - FlipperKit/FlipperKitHighlightOverlay
    - FlipperKit/FlipperKitLayoutTextSearchable
  - FlipperKit/FlipperKitLayoutIOSDescriptors (0.132.0):
    - FlipperKit/Core
    - FlipperKit/FlipperKitHighlightOverlay
    - FlipperKit/FlipperKitLayoutHelpers
    - YogaKit (~> 1.18)
  - FlipperKit/FlipperKitLayoutPlugin (0.132.0):
    - FlipperKit/Core
    - FlipperKit/FlipperKitHighlightOverlay
    - FlipperKit/FlipperKitLayoutHelpers
    - FlipperKit/FlipperKitLayoutIOSDescriptors
    - FlipperKit/FlipperKitLayoutTextSearchable
    - YogaKit (~> 1.18)
  - FlipperKit/FlipperKitLayoutTextSearchable (0.132.0)
  - FlipperKit/FlipperKitNetworkPlugin (0.132.0):
    - FlipperKit/Core
  - FlipperKit/FlipperKitReactPlugin (0.132.0):
    - FlipperKit/Core
  - FlipperKit/FlipperKitUserDefaultsPlugin (0.132.0):
    - FlipperKit/Core
  - FlipperKit/SKIOSNetworkPlugin (0.132.0):
    - FlipperKit/Core
    - FlipperKit/FlipperKitNetworkPlugin
  - fmt (6.2.1)
  - glog (0.3.5)
  - hermes-engine (0.9.0)
  - libevent (2.1.12)
  - OpenSSL-Universal (1.1.1100)
  - RCT-Folly (2021.06.28.00-v2):
    - boost
    - DoubleConversion
    - fmt (~> 6.2.1)
    - glog
    - RCT-Folly/Default (= 2021.06.28.00-v2)
  - RCT-Folly/Default (2021.06.28.00-v2):
    - boost
    - DoubleConversion
    - fmt (~> 6.2.1)
    - glog
  - RCT-Folly/Futures (2021.06.28.00-v2):
    - boost
    - DoubleConversion
    - fmt (~> 6.2.1)
    - glog
    - libevent
  - RCTRequired (0.67.1)
  - RCTTypeSafety (0.67.1):
    - FBLazyVector (= 0.67.1)
    - RCT-Folly (= 2021.06.28.00-v2)
    - RCTRequired (= 0.67.1)
    - React-Core (= 0.67.1)
  - React (0.67.1):
    - React-Core (= 0.67.1)
    - React-Core/DevSupport (= 0.67.1)
    - React-Core/RCTWebSocket (= 0.67.1)
    - React-RCTActionSheet (= 0.67.1)
    - React-RCTAnimation (= 0.67.1)
    - React-RCTBlob (= 0.67.1)
    - React-RCTImage (= 0.67.1)
    - React-RCTLinking (= 0.67.1)
    - React-RCTNetwork (= 0.67.1)
    - React-RCTSettings (= 0.67.1)
    - React-RCTText (= 0.67.1)
    - React-RCTVibration (= 0.67.1)
  - React-callinvoker (0.67.1)
  - React-Core (0.67.1):
    - glog
    - RCT-Folly (= 2021.06.28.00-v2)
    - React-Core/Default (= 0.67.1)
    - React-cxxreact (= 0.67.1)
    - React-jsi (= 0.67.1)
    - React-jsiexecutor (= 0.67.1)
    - React-perflogger (= 0.67.1)
    - Yoga
  - React-Core/CoreModulesHeaders (0.67.1):
    - glog
    - RCT-Folly (= 2021.06.28.00-v2)
    - React-Core/Default
    - React-cxxreact (= 0.67.1)
    - React-jsi (= 0.67.1)
    - React-jsiexecutor (= 0.67.1)
    - React-perflogger (= 0.67.1)
    - Yoga
  - React-Core/Default (0.67.1):
    - glog
    - RCT-Folly (= 2021.06.28.00-v2)
    - React-cxxreact (= 0.67.1)
    - React-jsi (= 0.67.1)
    - React-jsiexecutor (= 0.67.1)
    - React-perflogger (= 0.67.1)
    - Yoga
  - React-Core/DevSupport (0.67.1):
    - glog
    - RCT-Folly (= 2021.06.28.00-v2)
    - React-Core/Default (= 0.67.1)
    - React-Core/RCTWebSocket (= 0.67.1)
    - React-cxxreact (= 0.67.1)
    - React-jsi (= 0.67.1)
    - React-jsiexecutor (= 0.67.1)
    - React-jsinspector (= 0.67.1)
    - React-perflogger (= 0.67.1)
    - Yoga
  - React-Core/RCTActionSheetHeaders (0.67.1):
    - glog
    - RCT-Folly (= 2021.06.28.00-v2)
    - React-Core/Default
    - React-cxxreact (= 0.67.1)
    - React-jsi (= 0.67.1)
    - React-jsiexecutor (= 0.67.1)
    - React-perflogger (= 0.67.1)
    - Yoga
  - React-Core/RCTAnimationHeaders (0.67.1):
    - glog
    - RCT-Folly (= 2021.06.28.00-v2)
    - React-Core/Default
    - React-cxxreact (= 0.67.1)
    - React-jsi (= 0.67.1)
    - React-jsiexecutor (= 0.67.1)
    - React-perflogger (= 0.67.1)
    - Yoga
  - React-Core/RCTBlobHeaders (0.67.1):
    - glog
    - RCT-Folly (= 2021.06.28.00-v2)
    - React-Core/Default
    - React-cxxreact (= 0.67.1)
    - React-jsi (= 0.67.1)
    - React-jsiexecutor (= 0.67.1)
    - React-perflogger (= 0.67.1)
    - Yoga
  - React-Core/RCTImageHeaders (0.67.1):
    - glog
    - RCT-Folly (= 2021.06.28.00-v2)
    - React-Core/Default
    - React-cxxreact (= 0.67.1)
    - React-jsi (= 0.67.1)
    - React-jsiexecutor (= 0.67.1)
    - React-perflogger (= 0.67.1)
    - Yoga
  - React-Core/RCTLinkingHeaders (0.67.1):
    - glog
    - RCT-Folly (= 2021.06.28.00-v2)
    - React-Core/Default
    - React-cxxreact (= 0.67.1)
    - React-jsi (= 0.67.1)
    - React-jsiexecutor (= 0.67.1)
    - React-perflogger (= 0.67.1)
    - Yoga
  - React-Core/RCTNetworkHeaders (0.67.1):
    - glog
    - RCT-Folly (= 2021.06.28.00-v2)
    - React-Core/Default
    - React-cxxreact (= 0.67.1)
    - React-jsi (= 0.67.1)
    - React-jsiexecutor (= 0.67.1)
    - React-perflogger (= 0.67.1)
    - Yoga
  - React-Core/RCTSettingsHeaders (0.67.1):
    - glog
    - RCT-Folly (= 2021.06.28.00-v2)
    - React-Core/Default
    - React-cxxreact (= 0.67.1)
    - React-jsi (= 0.67.1)
    - React-jsiexecutor (= 0.67.1)
    - React-perflogger (= 0.67.1)
    - Yoga
  - React-Core/RCTTextHeaders (0.67.1):
    - glog
    - RCT-Folly (= 2021.06.28.00-v2)
    - React-Core/Default
    - React-cxxreact (= 0.67.1)
    - React-jsi (= 0.67.1)
    - React-jsiexecutor (= 0.67.1)
    - React-perflogger (= 0.67.1)
    - Yoga
  - React-Core/RCTVibrationHeaders (0.67.1):
    - glog
    - RCT-Folly (= 2021.06.28.00-v2)
    - React-Core/Default
    - React-cxxreact (= 0.67.1)
    - React-jsi (= 0.67.1)
    - React-jsiexecutor (= 0.67.1)
    - React-perflogger (= 0.67.1)
    - Yoga
  - React-Core/RCTWebSocket (0.67.1):
    - glog
    - RCT-Folly (= 2021.06.28.00-v2)
    - React-Core/Default (= 0.67.1)
    - React-cxxreact (= 0.67.1)
    - React-jsi (= 0.67.1)
    - React-jsiexecutor (= 0.67.1)
    - React-perflogger (= 0.67.1)
    - Yoga
  - React-CoreModules (0.67.1):
    - FBReactNativeSpec (= 0.67.1)
    - RCT-Folly (= 2021.06.28.00-v2)
    - RCTTypeSafety (= 0.67.1)
    - React-Core/CoreModulesHeaders (= 0.67.1)
    - React-jsi (= 0.67.1)
    - React-RCTImage (= 0.67.1)
    - ReactCommon/turbomodule/core (= 0.67.1)
  - React-cxxreact (0.67.1):
    - boost (= 1.76.0)
    - DoubleConversion
    - glog
    - RCT-Folly (= 2021.06.28.00-v2)
    - React-callinvoker (= 0.67.1)
    - React-jsi (= 0.67.1)
    - React-jsinspector (= 0.67.1)
    - React-logger (= 0.67.1)
    - React-perflogger (= 0.67.1)
    - React-runtimeexecutor (= 0.67.1)
  - React-hermes (0.67.1):
    - DoubleConversion
    - glog
    - hermes-engine
    - RCT-Folly (= 2021.06.28.00-v2)
    - RCT-Folly/Futures (= 2021.06.28.00-v2)
    - React-cxxreact (= 0.67.1)
    - React-jsi (= 0.67.1)
    - React-jsiexecutor (= 0.67.1)
    - React-jsinspector (= 0.67.1)
    - React-perflogger (= 0.67.1)
  - React-jsi (0.67.1):
    - boost (= 1.76.0)
    - DoubleConversion
    - glog
    - RCT-Folly (= 2021.06.28.00-v2)
    - React-jsi/Default (= 0.67.1)
  - React-jsi/Default (0.67.1):
    - boost (= 1.76.0)
    - DoubleConversion
    - glog
    - RCT-Folly (= 2021.06.28.00-v2)
  - React-jsiexecutor (0.67.1):
    - DoubleConversion
    - glog
    - RCT-Folly (= 2021.06.28.00-v2)
    - React-cxxreact (= 0.67.1)
    - React-jsi (= 0.67.1)
    - React-perflogger (= 0.67.1)
  - React-jsinspector (0.67.1)
  - React-logger (0.67.1):
    - glog
  - react-native-flipper (0.131.1):
    - React-Core
  - React-perflogger (0.67.1)
  - React-RCTActionSheet (0.67.1):
    - React-Core/RCTActionSheetHeaders (= 0.67.1)
  - React-RCTAnimation (0.67.1):
    - FBReactNativeSpec (= 0.67.1)
    - RCT-Folly (= 2021.06.28.00-v2)
    - RCTTypeSafety (= 0.67.1)
    - React-Core/RCTAnimationHeaders (= 0.67.1)
    - React-jsi (= 0.67.1)
    - ReactCommon/turbomodule/core (= 0.67.1)
  - React-RCTBlob (0.67.1):
    - FBReactNativeSpec (= 0.67.1)
    - RCT-Folly (= 2021.06.28.00-v2)
    - React-Core/RCTBlobHeaders (= 0.67.1)
    - React-Core/RCTWebSocket (= 0.67.1)
    - React-jsi (= 0.67.1)
    - React-RCTNetwork (= 0.67.1)
    - ReactCommon/turbomodule/core (= 0.67.1)
  - React-RCTImage (0.67.1):
    - FBReactNativeSpec (= 0.67.1)
    - RCT-Folly (= 2021.06.28.00-v2)
    - RCTTypeSafety (= 0.67.1)
    - React-Core/RCTImageHeaders (= 0.67.1)
    - React-jsi (= 0.67.1)
    - React-RCTNetwork (= 0.67.1)
    - ReactCommon/turbomodule/core (= 0.67.1)
  - React-RCTLinking (0.67.1):
    - FBReactNativeSpec (= 0.67.1)
    - React-Core/RCTLinkingHeaders (= 0.67.1)
    - React-jsi (= 0.67.1)
    - ReactCommon/turbomodule/core (= 0.67.1)
  - React-RCTNetwork (0.67.1):
    - FBReactNativeSpec (= 0.67.1)
    - RCT-Folly (= 2021.06.28.00-v2)
    - RCTTypeSafety (= 0.67.1)
    - React-Core/RCTNetworkHeaders (= 0.67.1)
    - React-jsi (= 0.67.1)
    - ReactCommon/turbomodule/core (= 0.67.1)
  - React-RCTSettings (0.67.1):
    - FBReactNativeSpec (= 0.67.1)
    - RCT-Folly (= 2021.06.28.00-v2)
    - RCTTypeSafety (= 0.67.1)
    - React-Core/RCTSettingsHeaders (= 0.67.1)
    - React-jsi (= 0.67.1)
    - ReactCommon/turbomodule/core (= 0.67.1)
  - React-RCTText (0.67.1):
    - React-Core/RCTTextHeaders (= 0.67.1)
  - React-RCTVibration (0.67.1):
    - FBReactNativeSpec (= 0.67.1)
    - RCT-Folly (= 2021.06.28.00-v2)
    - React-Core/RCTVibrationHeaders (= 0.67.1)
    - React-jsi (= 0.67.1)
    - ReactCommon/turbomodule/core (= 0.67.1)
  - React-runtimeexecutor (0.67.1):
    - React-jsi (= 0.67.1)
  - ReactCommon/turbomodule/core (0.67.1):
    - DoubleConversion
    - glog
    - RCT-Folly (= 2021.06.28.00-v2)
    - React-callinvoker (= 0.67.1)
    - React-Core (= 0.67.1)
    - React-cxxreact (= 0.67.1)
    - React-jsi (= 0.67.1)
    - React-logger (= 0.67.1)
    - React-perflogger (= 0.67.1)
  - SocketRocket (0.6.0)
  - Yoga (1.14.0)
  - YogaKit (1.18.1):
    - Yoga (~> 1.14)

DEPENDENCIES:
  - boost (from `../node_modules/react-native/third-party-podspecs/boost.podspec`)
  - DoubleConversion (from `../node_modules/react-native/third-party-podspecs/DoubleConversion.podspec`)
  - FBLazyVector (from `../node_modules/react-native/Libraries/FBLazyVector`)
  - FBReactNativeSpec (from `../node_modules/react-native/React/FBReactNativeSpec`)
  - Flipper (= 0.132.0)
  - Flipper-Boost-iOSX (= 1.76.0.1.11)
  - Flipper-DoubleConversion (= 3.1.7)
  - Flipper-Fmt (= 7.1.7)
  - Flipper-Folly (= 2.6.10)
  - Flipper-Glog (= 0.3.9)
  - Flipper-PeerTalk (= 0.0.4)
  - Flipper-RSocket (= 1.4.3)
  - FlipperKit (= 0.132.0)
  - FlipperKit/Core (= 0.132.0)
  - FlipperKit/CppBridge (= 0.132.0)
  - FlipperKit/FBCxxFollyDynamicConvert (= 0.132.0)
  - FlipperKit/FBDefines (= 0.132.0)
  - FlipperKit/FKPortForwarding (= 0.132.0)
  - FlipperKit/FlipperKitHighlightOverlay (= 0.132.0)
  - FlipperKit/FlipperKitLayoutPlugin (= 0.132.0)
  - FlipperKit/FlipperKitLayoutTextSearchable (= 0.132.0)
  - FlipperKit/FlipperKitNetworkPlugin (= 0.132.0)
  - FlipperKit/FlipperKitReactPlugin (= 0.132.0)
  - FlipperKit/FlipperKitUserDefaultsPlugin (= 0.132.0)
  - FlipperKit/SKIOSNetworkPlugin (= 0.132.0)
  - glog (from `../node_modules/react-native/third-party-podspecs/glog.podspec`)
  - hermes-engine (~> 0.9.0)
  - libevent (~> 2.1.12)
  - OpenSSL-Universal (= 1.1.1100)
  - RCT-Folly (from `../node_modules/react-native/third-party-podspecs/RCT-Folly.podspec`)
  - RCTRequired (from `../node_modules/react-native/Libraries/RCTRequired`)
  - RCTTypeSafety (from `../node_modules/react-native/Libraries/TypeSafety`)
  - React (from `../node_modules/react-native/`)
  - React-callinvoker (from `../node_modules/react-native/ReactCommon/callinvoker`)
  - React-Core (from `../node_modules/react-native/`)
  - React-Core/DevSupport (from `../node_modules/react-native/`)
  - React-Core/RCTWebSocket (from `../node_modules/react-native/`)
  - React-CoreModules (from `../node_modules/react-native/React/CoreModules`)
  - React-cxxreact (from `../node_modules/react-native/ReactCommon/cxxreact`)
  - React-hermes (from `../node_modules/react-native/ReactCommon/hermes`)
  - React-jsi (from `../node_modules/react-native/ReactCommon/jsi`)
  - React-jsiexecutor (from `../node_modules/react-native/ReactCommon/jsiexecutor`)
  - React-jsinspector (from `../node_modules/react-native/ReactCommon/jsinspector`)
  - React-logger (from `../node_modules/react-native/ReactCommon/logger`)
  - react-native-flipper (from `../node_modules/react-native-flipper`)
  - React-perflogger (from `../node_modules/react-native/ReactCommon/reactperflogger`)
  - React-RCTActionSheet (from `../node_modules/react-native/Libraries/ActionSheetIOS`)
  - React-RCTAnimation (from `../node_modules/react-native/Libraries/NativeAnimation`)
  - React-RCTBlob (from `../node_modules/react-native/Libraries/Blob`)
  - React-RCTImage (from `../node_modules/react-native/Libraries/Image`)
  - React-RCTLinking (from `../node_modules/react-native/Libraries/LinkingIOS`)
  - React-RCTNetwork (from `../node_modules/react-native/Libraries/Network`)
  - React-RCTSettings (from `../node_modules/react-native/Libraries/Settings`)
  - React-RCTText (from `../node_modules/react-native/Libraries/Text`)
  - React-RCTVibration (from `../node_modules/react-native/Libraries/Vibration`)
  - React-runtimeexecutor (from `../node_modules/react-native/ReactCommon/runtimeexecutor`)
  - ReactCommon/turbomodule/core (from `../node_modules/react-native/ReactCommon`)
  - Yoga (from `../node_modules/react-native/ReactCommon/yoga`)

SPEC REPOS:
  https://github.com/CocoaPods/Specs:
    - CocoaAsyncSocket
    - Flipper
    - Flipper-Boost-iOSX
    - Flipper-DoubleConversion
    - Flipper-Fmt
    - Flipper-Folly
    - Flipper-Glog
    - Flipper-PeerTalk
    - Flipper-RSocket
    - FlipperKit
    - fmt
    - hermes-engine
    - libevent
    - OpenSSL-Universal
    - SocketRocket
    - YogaKit

EXTERNAL SOURCES:
  boost:
    :podspec: "../node_modules/react-native/third-party-podspecs/boost.podspec"
  DoubleConversion:
    :podspec: "../node_modules/react-native/third-party-podspecs/DoubleConversion.podspec"
  FBLazyVector:
    :path: "../node_modules/react-native/Libraries/FBLazyVector"
  FBReactNativeSpec:
    :path: "../node_modules/react-native/React/FBReactNativeSpec"
  glog:
    :podspec: "../node_modules/react-native/third-party-podspecs/glog.podspec"
  RCT-Folly:
    :podspec: "../node_modules/react-native/third-party-podspecs/RCT-Folly.podspec"
  RCTRequired:
    :path: "../node_modules/react-native/Libraries/RCTRequired"
  RCTTypeSafety:
    :path: "../node_modules/react-native/Libraries/TypeSafety"
  React:
    :path: "../node_modules/react-native/"
  React-callinvoker:
    :path: "../node_modules/react-native/ReactCommon/callinvoker"
  React-Core:
    :path: "../node_modules/react-native/"
  React-CoreModules:
    :path: "../node_modules/react-native/React/CoreModules"
  React-cxxreact:
    :path: "../node_modules/react-native/ReactCommon/cxxreact"
  React-hermes:
    :path: "../node_modules/react-native/ReactCommon/hermes"
  React-jsi:
    :path: "../node_modules/react-native/ReactCommon/jsi"
  React-jsiexecutor:
    :path: "../node_modules/react-native/ReactCommon/jsiexecutor"
  React-jsinspector:
    :path: "../node_modules/react-native/ReactCommon/jsinspector"
  React-logger:
    :path: "../node_modules/react-native/ReactCommon/logger"
  react-native-flipper:
    :path: "../node_modules/react-native-flipper"
  React-perflogger:
    :path: "../node_modules/react-native/ReactCommon/reactperflogger"
  React-RCTActionSheet:
    :path: "../node_modules/react-native/Libraries/ActionSheetIOS"
  React-RCTAnimation:
    :path: "../node_modules/react-native/Libraries/NativeAnimation"
  React-RCTBlob:
    :path: "../node_modules/react-native/Libraries/Blob"
  React-RCTImage:
    :path: "../node_modules/react-native/Libraries/Image"
  React-RCTLinking:
    :path: "../node_modules/react-native/Libraries/LinkingIOS"
  React-RCTNetwork:
    :path: "../node_modules/react-native/Libraries/Network"
  React-RCTSettings:
    :path: "../node_modules/react-native/Libraries/Settings"
  React-RCTText:
    :path: "../node_modules/react-native/Libraries/Text"
  React-RCTVibration:
    :path: "../node_modules/react-native/Libraries/Vibration"
  React-runtimeexecutor:
    :path: "../node_modules/react-native/ReactCommon/runtimeexecutor"
  ReactCommon:
    :path: "../node_modules/react-native/ReactCommon"
  Yoga:
    :path: "../node_modules/react-native/ReactCommon/yoga"

SPEC CHECKSUMS:
  boost: a7c83b31436843459a1961bfd74b96033dc77234
  CocoaAsyncSocket: 065fd1e645c7abab64f7a6a2007a48038fdc6a99
  DoubleConversion: 831926d9b8bf8166fd87886c4abab286c2422662
  FBLazyVector: cf409c74423d3507bda74bda1dc41e903ec2cd5b
  FBReactNativeSpec: ef0ce762fdb37900abb01e008cce5f0ef2cce6b7
  Flipper: 4ff647adcfccf568ef05350eee9e727026c4a452
  Flipper-Boost-iOSX: fd1e2b8cbef7e662a122412d7ac5f5bea715403c
  Flipper-DoubleConversion: 57ffbe81ef95306cc9e69c4aa3aeeeeb58a6a28c
  Flipper-Fmt: 60cbdd92fc254826e61d669a5d87ef7015396a9b
  Flipper-Folly: 584845625005ff068a6ebf41f857f468decd26b3
  Flipper-Glog: 05579840e2750ec907ee2f81544f41ad76a7cae4
  Flipper-PeerTalk: 116d8f857dc6ef55c7a5a75ea3ceaafe878aadc9
  Flipper-RSocket: d9d9ade67cbecf6ac10730304bf5607266dd2541
  FlipperKit: 6f04dea2e31cd52b201a12a7f51f2107f5e37be2
  fmt: ff9d55029c625d3757ed641535fd4a75fedc7ce9
  glog: 85ecdd10ee8d8ec362ef519a6a45ff9aa27b2e85
  hermes-engine: bf7577d12ac6ccf53ab8b5af3c6ccf0dd8458c5c
  libevent: 4049cae6c81cdb3654a443be001fb9bdceff7913
  OpenSSL-Universal: ebc357f1e6bc71fa463ccb2fe676756aff50e88c
  RCT-Folly: 803a9cfd78114b2ec0f140cfa6fa2a6bafb2d685
  RCTRequired: e5dc0c44cb366fc93383a2bffbc190fe821e7293
  RCTTypeSafety: 6a4d0cfe070e7fd996e797f439b70878764a1ae0
  React: e194f6b2f0a4f8d24065f3ca0a6abe859694df65
  React-callinvoker: a9e7bd8d87147de3530007a3d74afd4b7dbaf57e
  React-Core: 4714b96060ccc19fdfbeec4e30c3b43ec82fb508
  React-CoreModules: fbf9a30fe25385428a57bea57d3d6d27830111da
  React-cxxreact: 4c8b1bfa89c6e98b8a05ebf0d9ba8d8e322e390c
  React-hermes: 7b536f4246210ffd5c928a8b89d45f12f0bfc230
  React-jsi: 1653dc43b537777e80f8e6c9e36aa803c698e4d3
  React-jsiexecutor: 1af5de75a4c834c05d53a77c1512e5aa6c18412f
  React-jsinspector: ab80bcdb02f28cdfc0dbbaea6db1241565d59002
  React-logger: b08f354e4c928ff794ca477347fea0922aaf11c3
  react-native-flipper: 8d0ada062fbc2c7460cc0d343aded6fc3f9c90dc
  React-perflogger: 9a6172711d9c4c8c7ac0a426717317c3c6ecf85c
  React-RCTActionSheet: ed408b54b08278e6af8a75e08679675041da61ae
  React-RCTAnimation: 0163b497a423a9576a776685c6e3fe276f934758
  React-RCTBlob: 40e9a2ba218218cc120d037408e6c1686036a3ad
  React-RCTImage: ae48901aecaf2b5a9f7f51cbb60fc36ff120115d
  React-RCTLinking: 1e25d97db107eea60657211f7ecc4509587f8d29
  React-RCTNetwork: 775383be87609cf2d7e182a9b967e51686f12b2f
  React-RCTSettings: 4581080369f65e5bc388061ff7b9cba9389936c4
  React-RCTText: 48df7f52519cfc6a9eb79a02acb3d33df04370a0
  React-RCTVibration: 19c012d1202df46bafbe49268a346f6b3edadfdd
  React-runtimeexecutor: 2c92a8bddd1a3e72c7513d1e74235c2d9c84875c
  ReactCommon: 2e816fad39f65f2a94a5999d5be463a6b620dcf6
  SocketRocket: fccef3f9c5cedea1353a9ef6ada904fde10d6608
  Yoga: 5cbf25add73edb290e1067017690f7ebf56c5468
  YogaKit: f782866e155069a2cca2517aafea43200b01fd5a

PODFILE CHECKSUM: dabc89a1a179ed628d2be21f377aecf534f93076

COCOAPODS: 1.11.2
