PODS:
  - boost-for-react-native (1.63.0)
  - CocoaAsyncSocket (7.6.3)
  - CocoaLibEvent (1.0.0)
  - DoubleConversion (1.1.5)
  - Folly (1.1.0):
    - boost-for-react-native
    - CocoaLibEvent (~> 1.0)
    - DoubleConversion
    - glog
    - OpenSSL-Static (= 1.0.2.c1)
  - glog (0.3.4)
  - OpenSSL-Static (1.0.2.c1)
  - PeerTalk (0.0.2)
  - RSocket (0.10.0):
    - Folly
  - Sonar (0.6.16):
    - Folly (~> 1.1)
    - RSocket (~> 0.10)
  - SonarKit (0.6.16):
    - SonarKit/Core (= 0.6.16)
  - SonarKit/Core (0.6.16):
    - CocoaAsyncSocket (~> 7.6)
    - Folly (~> 1.1)
    - OpenSSL-Static (= 1.0.2.c1)
    - PeerTalk (~> 0.0.2)
    - Sonar (~> 0.6.16)
    - SonarKit/CppBridge
    - SonarKit/FBCxxUtils
    - SonarKit/FBDefines
  - SonarKit/CppBridge (0.6.16)
  - SonarKit/FBCxxUtils (0.6.16)
  - SonarKit/FBDefines (0.6.16)
  - SonarKit/SKIOSNetworkPlugin (0.6.16):
    - SonarKit/Core
    - SonarKit/SonarKitNetworkPlugin
  - SonarKit/SonarKitNetworkPlugin (0.6.16):
    - SonarKit/Core

DEPENDENCIES:
  - Sonar (from `../../Sonar.podspec`)
  - SonarKit (from `../../SonarKit.podspec`)
  - SonarKit/SKIOSNetworkPlugin (from `../../SonarKit.podspec`)

SPEC REPOS:
  https://github.com/cocoapods/specs.git:
    - boost-for-react-native
    - CocoaAsyncSocket
    - CocoaLibEvent
    - DoubleConversion
    - glog
    - OpenSSL-Static
  https://github.com/facebook/Sonar.git:
    - Folly
    - PeerTalk
    - RSocket

EXTERNAL SOURCES:
  Sonar:
    :path: "../../Sonar.podspec"
  SonarKit:
    :path: "../../SonarKit.podspec"

SPEC CHECKSUMS:
  boost-for-react-native: 39c7adb57c4e60d6c5479dd8623128eb5b3f0f2c
  CocoaAsyncSocket: eafaa68a7e0ec99ead0a7b35015e0bf25d2c8987
  CocoaLibEvent: 2fab71b8bd46dd33ddb959f7928ec5909f838e3f
  DoubleConversion: e22e0762848812a87afd67ffda3998d9ef29170c
  Folly: dd92f69322d8535b9df98d7c91e442b0fce2fff2
  glog: 1de0bb937dccdc981596d3b5825ebfb765017ded
  OpenSSL-Static: bd17e34564a8591ad76b740318683a6caa19a13e
  PeerTalk: 77481b0a8136f226b90ccf828d6061f70139ffde
  RSocket: 4fdb7e562db30a2d4fceddefdc601749ffc9ebe2
  Sonar: 74d1e3a853f1453511108ac1b3e7469a2b2ade92
  SonarKit: f6f9715af976f14ecab376eeb0576898c9fb0638

PODFILE CHECKSUM: bfd82cb10666824db61b62e1ff7196e0b2305f0c

COCOAPODS: 1.5.2
