PODS:
  - boost-for-react-native (1.63.0)
  - CocoaAsyncSocket (7.6.5)
  - ComponentKit (0.31):
    - RenderCore (= 0.31)
    - Yoga (~> 1.14)
  - Flipper (0.98.0):
    - Flipper-Folly (~> 2.6)
    - Flipper-RSocket (~> 1.4)
  - Flipper-Boost-iOSX (1.76.0.1.11)
  - Flipper-DoubleConversion (3.1.7)
  - Flipper-Fmt (7.1.7)
  - Flipper-Folly (2.6.9):
    - Flipper-Boost-iOSX
    - Flipper-DoubleConversion
    - Flipper-Fmt (= 7.1.7)
    - Flipper-Glog
    - libevent (~> 2.1.12)
    - OpenSSL-Universal (= 1.1.1100)
  - Flipper-Glog (0.3.9)
  - Flipper-PeerTalk (0.0.4)
  - Flipper-RSocket (1.4.3):
    - Flipper-Folly (~> 2.6)
  - FlipperKit (0.98.0):
    - FlipperKit/Core (= 0.98.0)
  - FlipperKit/Core (0.98.0):
    - Flipper (~> 0.98.0)
    - FlipperKit/CppBridge
    - FlipperKit/FBCxxFollyDynamicConvert
    - FlipperKit/FBDefines
    - FlipperKit/FKPortForwarding
  - FlipperKit/CppBridge (0.98.0):
    - Flipper (~> 0.98.0)
  - FlipperKit/FBCxxFollyDynamicConvert (0.98.0):
    - Flipper-Folly (~> 2.6)
  - FlipperKit/FBDefines (0.98.0)
  - FlipperKit/FKPortForwarding (0.98.0):
    - CocoaAsyncSocket (~> 7.6)
    - Flipper-PeerTalk (~> 0.0.4)
  - FlipperKit/FlipperKitExamplePlugin (0.98.0):
    - FlipperKit/Core
  - FlipperKit/FlipperKitHighlightOverlay (0.98.0)
  - FlipperKit/FlipperKitLayoutComponentKitSupport (0.98.0):
    - ComponentKit (= 0.31)
    - FlipperKit/Core
    - FlipperKit/FlipperKitHighlightOverlay
    - FlipperKit/FlipperKitLayoutHelpers
    - FlipperKit/FlipperKitLayoutPlugin
    - FlipperKit/FlipperKitLayoutTextSearchable
    - RenderCore (= 0.31)
  - FlipperKit/FlipperKitLayoutHelpers (0.98.0):
    - FlipperKit/Core
    - FlipperKit/FlipperKitHighlightOverlay
    - FlipperKit/FlipperKitLayoutTextSearchable
  - FlipperKit/FlipperKitLayoutIOSDescriptors (0.98.0):
    - FlipperKit/Core
    - FlipperKit/FlipperKitHighlightOverlay
    - FlipperKit/FlipperKitLayoutHelpers
    - YogaKit (~> 1.18)
  - FlipperKit/FlipperKitLayoutPlugin (0.98.0):
    - FlipperKit/Core
    - FlipperKit/FlipperKitHighlightOverlay
    - FlipperKit/FlipperKitLayoutHelpers
    - FlipperKit/FlipperKitLayoutIOSDescriptors
    - FlipperKit/FlipperKitLayoutTextSearchable
    - YogaKit (~> 1.18)
  - FlipperKit/FlipperKitLayoutTextSearchable (0.98.0)
  - FlipperKit/FlipperKitNetworkPlugin (0.98.0):
    - FlipperKit/Core
  - FlipperKit/FlipperKitUserDefaultsPlugin (0.98.0):
    - FlipperKit/Core
  - FlipperKit/SKIOSNetworkPlugin (0.98.0):
    - FlipperKit/Core
    - FlipperKit/FlipperKitNetworkPlugin
  - libevent (2.1.12)
  - OpenSSL-Universal (1.1.1100)
  - RenderCore (0.31)
  - Yoga (1.14.0)
  - YogaKit (1.18.1):
    - Yoga (~> 1.14)

DEPENDENCIES:
  - boost-for-react-native
  - CocoaAsyncSocket
  - Flipper (from `../../Flipper.podspec`)
  - Flipper-DoubleConversion
  - Flipper-Folly
  - Flipper-Glog
  - Flipper-PeerTalk
  - FlipperKit (from `../../FlipperKit.podspec`)
  - FlipperKit/FlipperKitExamplePlugin (from `../../FlipperKit.podspec`)
  - FlipperKit/FlipperKitLayoutComponentKitSupport (from `../../FlipperKit.podspec`)
  - FlipperKit/FlipperKitUserDefaultsPlugin (from `../../FlipperKit.podspec`)
  - FlipperKit/SKIOSNetworkPlugin (from `../../FlipperKit.podspec`)
  - libevent
  - OpenSSL-Universal

SPEC REPOS:
  https://github.com/CocoaPods/Specs:
    - boost-for-react-native
    - CocoaAsyncSocket
    - ComponentKit
    - Flipper-Boost-iOSX
    - Flipper-DoubleConversion
    - Flipper-Fmt
    - Flipper-Folly
    - Flipper-Glog
    - Flipper-PeerTalk
    - Flipper-RSocket
    - libevent
    - OpenSSL-Universal
    - RenderCore
    - Yoga
    - YogaKit

EXTERNAL SOURCES:
  Flipper:
    :path: "../../Flipper.podspec"
  FlipperKit:
    :path: "../../FlipperKit.podspec"

SPEC CHECKSUMS:
  boost-for-react-native: 39c7adb57c4e60d6c5479dd8623128eb5b3f0f2c
  CocoaAsyncSocket: 065fd1e645c7abab64f7a6a2007a48038fdc6a99
  ComponentKit: 7bf7048b9814afc6b6641645a14177f95fd9b9ae
  Flipper: 41c3f849a45fd5f57a30195d15becb8af7ed78ce
  Flipper-Boost-iOSX: fd1e2b8cbef7e662a122412d7ac5f5bea715403c
  Flipper-DoubleConversion: 57ffbe81ef95306cc9e69c4aa3aeeeeb58a6a28c
  Flipper-Fmt: 60cbdd92fc254826e61d669a5d87ef7015396a9b
  Flipper-Folly: 4c7cf530a9038ae25b0fa37e00b00491c467aaea
  Flipper-Glog: 05579840e2750ec907ee2f81544f41ad76a7cae4
  Flipper-PeerTalk: 116d8f857dc6ef55c7a5a75ea3ceaafe878aadc9
  Flipper-RSocket: d9d9ade67cbecf6ac10730304bf5607266dd2541
  FlipperKit: 2c7cd44efce216d1aeb165a0dca5e29877a92cc5
  libevent: 4049cae6c81cdb3654a443be001fb9bdceff7913
  OpenSSL-Universal: ebc357f1e6bc71fa463ccb2fe676756aff50e88c
  RenderCore: 090beb17b5bff80b86929a7ceb49df789923d23a
  Yoga: cff67a400f6b74dc38eb0bad4f156673d9aa980c
  YogaKit: f782866e155069a2cca2517aafea43200b01fd5a

PODFILE CHECKSUM: d2f6b1f5f7b3ca7994bb97a2c78943c23570db33

COCOAPODS: 1.10.1
