PODS:
  - CocoaAsyncSocket (7.6.5)
  - DoubleConversion (1.1.5)
  - Flipper (0.138.0):
    - Flipper-Folly (~> 2.6)
  - Flipper-Boost-iOSX (1.76.0.1.11)
  - Flipper-DoubleConversion (3.1.7)
  - Flipper-Fmt (7.1.7)
  - Flipper-Folly (2.6.9):
    - Flipper-Boost-iOSX
    - Flipper-DoubleConversion
    - Flipper-Fmt (= 7.1.7)
    - Flipper-Glog
    - libevent (~> 2.1.12)
    - OpenSSL-Universal (= 1.1.1100)
  - Flipper-Glog (0.3.9)
  - Flipper-PeerTalk (0.0.4)
  - glog (0.3.4)
  - libevent (2.1.12)
  - OpenSSL-Universal (1.1.1100)
  - SocketRocket (0.6.0)

DEPENDENCIES:
  - CocoaAsyncSocket (~> 7.6)
  - DoubleConversion (~> 1.1)
  - Flipper (from `../Flipper.podspec`)
  - Flipper-Folly (~> 2.2)
  - Flipper-PeerTalk (~> 0.0)
  - glog (~> 0.3)
  - SocketRocket (~> 0.6.0)

SPEC REPOS:
  https://github.com/CocoaPods/Specs.git:
    - CocoaAsyncSocket
    - DoubleConversion
    - Flipper-Boost-iOSX
    - Flipper-DoubleConversion
    - Flipper-Fmt
    - Flipper-Folly
    - Flipper-Glog
    - Flipper-PeerTalk
    - glog
    - libevent
    - OpenSSL-Universal
    - SocketRocket

EXTERNAL SOURCES:
  Flipper:
    :path: "../Flipper.podspec"

SPEC CHECKSUMS:
  CocoaAsyncSocket: 065fd1e645c7abab64f7a6a2007a48038fdc6a99
  DoubleConversion: e22e0762848812a87afd67ffda3998d9ef29170c
  Flipper: a5ed0fd7212a369f0c0f8fe096a711355cbb22cf
  Flipper-Boost-iOSX: fd1e2b8cbef7e662a122412d7ac5f5bea715403c
  Flipper-DoubleConversion: 57ffbe81ef95306cc9e69c4aa3aeeeeb58a6a28c
  Flipper-Fmt: 60cbdd92fc254826e61d669a5d87ef7015396a9b
  Flipper-Folly: 4c7cf530a9038ae25b0fa37e00b00491c467aaea
  Flipper-Glog: 05579840e2750ec907ee2f81544f41ad76a7cae4
  Flipper-PeerTalk: 116d8f857dc6ef55c7a5a75ea3ceaafe878aadc9
  glog: 1de0bb937dccdc981596d3b5825ebfb765017ded
  libevent: 4049cae6c81cdb3654a443be001fb9bdceff7913
  OpenSSL-Universal: ebc357f1e6bc71fa463ccb2fe676756aff50e88c
  SocketRocket: fccef3f9c5cedea1353a9ef6ada904fde10d6608

PODFILE CHECKSUM: fca1274f05facf86edf8f6963fe77c29120d949c

COCOAPODS: 1.10.2
