PODS:
  - boost-for-react-native (1.63.0)
  - CocoaAsyncSocket (7.6.3)
  - CocoaLibEvent (1.0.0)
  - DoubleConversion (3.0.0)
  - Folly (2018.05.28.00):
    - boost-for-react-native
    - CocoaLibEvent (~> 1.0)
    - DoubleConversion
    - glog
    - OpenSSL-Universal (~> 1.0)
  - glog (0.3.5)
  - OpenSSL-Universal (1.0.2.13)
  - PeerTalk (1.0.0)
  - RSocket (0.10.0):
    - Folly
  - Sonar (0.0.1):
    - Folly
    - RSocket

DEPENDENCIES:
  - CocoaAsyncSocket
  - DoubleConversion (from `third-party-podspecs/DoubleConversion.podspec`)
  - Folly (from `third-party-podspecs/Folly.podspec`)
  - glog (from `third-party-podspecs/glog.podspec`)
  - PeerTalk (from `third-party-podspecs/PeerTalk.podspec`)
  - RSocket (from `third-party-podspecs/RSocket.podspec`)
  - Sonar (from `../xplat/Sonar/Sonar.podspec`)

SPEC REPOS:
  https://github.com/cocoapods/specs.git:
    - boost-for-react-native
    - CocoaAsyncSocket
    - CocoaLibEvent
    - OpenSSL-Universal

EXTERNAL SOURCES:
  DoubleConversion:
    :podspec: third-party-podspecs/DoubleConversion.podspec
  Folly:
    :podspec: third-party-podspecs/Folly.podspec
  glog:
    :podspec: third-party-podspecs/glog.podspec
  PeerTalk:
    :podspec: third-party-podspecs/PeerTalk.podspec
  RSocket:
    :podspec: third-party-podspecs/RSocket.podspec
  Sonar:
    :podspec: "../xplat/Sonar/Sonar.podspec"

CHECKOUT OPTIONS:
  PeerTalk:
    :commit: 588303b43efa5082d654b6f75d1b84a6ba4b5b9e
    :git: https://github.com/rsms/PeerTalk.git
  RSocket:
    :commit: 193002818e53e7a7d73ee362627ddf1fdabc4493
    :git: https://github.com/rsocket/rsocket-cpp.git
  Sonar:
    :commit: 8d48f5a3eb26c6e982abefa30f5a8e0c19b5b4a6
    :git: https://github.com/facebook/Sonar.git

SPEC CHECKSUMS:
  boost-for-react-native: 39c7adb57c4e60d6c5479dd8623128eb5b3f0f2c
  CocoaAsyncSocket: eafaa68a7e0ec99ead0a7b35015e0bf25d2c8987
  CocoaLibEvent: 2fab71b8bd46dd33ddb959f7928ec5909f838e3f
  DoubleConversion: 9bd61b1134a393694e95e0950c5bf3f99534817f
  Folly: ce1c216bcb099ca6cda58fefbba02bf2e9fe0381
  glog: fdb5d40eb83acd6a4d5d61d95ecc583f5970a119
  OpenSSL-Universal: 401888162f11c33ebbd46f782d9229da35c61327
  PeerTalk: aadc42bc7d7f19e89f817b59ef8196305a711504
  RSocket: 38b24504db9efbfb018a3b2b23a2d9500140a2a7
  Sonar: 29d8fb9b010e56fa1358be996d68d4b436dd8c21

PODFILE CHECKSUM: a6a7b2201d324f787ef4956b045f021e7152fddf

COCOAPODS: 1.5.2
