PODS:
  - CocoaAsyncSocket (7.6.5)
  - ComponentKit (0.31):
    - RenderCore (= 0.31)
    - Yoga (~> 1.14)
  - Flipper (0.233.0):
    - Flipper-Folly (~> 2.6)
  - Flipper-Boost-iOSX (1.76.0.1.11)
  - Flipper-DoubleConversion (3.2.0.1)
  - Flipper-Fmt (7.1.7)
  - Flipper-Folly (2.6.10):
    - Flipper-Boost-iOSX
    - Flipper-DoubleConversion
    - Flipper-Fmt (= 7.1.7)
    - Flipper-Glog
    - libevent (~> 2.1.12)
    - OpenSSL-Universal (= 1.1.1100)
  - Flipper-Glog (0.5.0.5)
  - Flipper-PeerTalk (0.0.4)
  - FlipperKit (0.233.0):
    - FlipperKit/Core (= 0.233.0)
  - FlipperKit/Core (0.233.0):
    - Flipper (~> 0.233.0)
    - FlipperKit/CppBridge
    - FlipperKit/FBCxxFollyDynamicConvert
    - FlipperKit/FBDefines
    - FlipperKit/FKPortForwarding
    - SocketRocket (~> 0.7.0)
  - FlipperKit/CppBridge (0.233.0):
    - Flipper (~> 0.233.0)
  - FlipperKit/FBCxxFollyDynamicConvert (0.233.0):
    - Flipper-Folly (~> 2.6)
  - FlipperKit/FBDefines (0.233.0)
  - FlipperKit/FKPortForwarding (0.233.0):
    - CocoaAsyncSocket (~> 7.6)
    - Flipper-PeerTalk (~> 0.0.4)
  - FlipperKit/FlipperKitHighlightOverlay (0.233.0)
  - FlipperKit/FlipperKitLayoutComponentKitSupport (0.233.0):
    - ComponentKit (= 0.31)
    - FlipperKit/Core
    - FlipperKit/FlipperKitHighlightOverlay
    - FlipperKit/FlipperKitLayoutHelpers
    - FlipperKit/FlipperKitLayoutPlugin
    - FlipperKit/FlipperKitLayoutTextSearchable
    - RenderCore (= 0.31)
  - FlipperKit/FlipperKitLayoutHelpers (0.233.0):
    - FlipperKit/Core
    - FlipperKit/FlipperKitHighlightOverlay
    - FlipperKit/FlipperKitLayoutTextSearchable
  - FlipperKit/FlipperKitLayoutIOSDescriptors (0.233.0):
    - FlipperKit/Core
    - FlipperKit/FlipperKitHighlightOverlay
    - FlipperKit/FlipperKitLayoutHelpers
  - FlipperKit/FlipperKitLayoutPlugin (0.233.0):
    - FlipperKit/Core
    - FlipperKit/FlipperKitHighlightOverlay
    - FlipperKit/FlipperKitLayoutHelpers
    - FlipperKit/FlipperKitLayoutIOSDescriptors
    - FlipperKit/FlipperKitLayoutTextSearchable
  - FlipperKit/FlipperKitLayoutTextSearchable (0.233.0)
  - FlipperKit/FlipperKitNetworkPlugin (0.233.0):
    - FlipperKit/Core
  - FlipperKit/FlipperKitUserDefaultsPlugin (0.233.0):
    - FlipperKit/Core
  - FlipperKit/SKIOSNetworkPlugin (0.233.0):
    - FlipperKit/Core
    - FlipperKit/FlipperKitNetworkPlugin
  - libevent (2.1.12)
  - OpenSSL-Universal (1.1.1100)
  - RenderCore (0.31)
  - SocketRocket (0.7.0)
  - Yoga (1.14.0)

DEPENDENCIES:
  - FlipperKit (~> 0.233.0)
  - FlipperKit/FlipperKitLayoutComponentKitSupport (~> 0.233.0)
  - FlipperKit/FlipperKitUserDefaultsPlugin (~> 0.233.0)
  - FlipperKit/SKIOSNetworkPlugin (~> 0.233.0)

SPEC REPOS:
  trunk:
    - CocoaAsyncSocket
    - ComponentKit
    - Flipper
    - Flipper-Boost-iOSX
    - Flipper-DoubleConversion
    - Flipper-Fmt
    - Flipper-Folly
    - Flipper-Glog
    - Flipper-PeerTalk
    - FlipperKit
    - libevent
    - OpenSSL-Universal
    - RenderCore
    - SocketRocket
    - Yoga

SPEC CHECKSUMS:
  CocoaAsyncSocket: 065fd1e645c7abab64f7a6a2007a48038fdc6a99
  ComponentKit: 7bf7048b9814afc6b6641645a14177f95fd9b9ae
  Flipper: 78cb4b9cf280b4ad4230a4f3b5c21ff657f3c147
  Flipper-Boost-iOSX: fd1e2b8cbef7e662a122412d7ac5f5bea715403c
  Flipper-DoubleConversion: 2dc99b02f658daf147069aad9dbd29d8feb06d30
  Flipper-Fmt: 60cbdd92fc254826e61d669a5d87ef7015396a9b
  Flipper-Folly: 584845625005ff068a6ebf41f857f468decd26b3
  Flipper-Glog: 70c50ce58ddaf67dc35180db05f191692570f446
  Flipper-PeerTalk: 116d8f857dc6ef55c7a5a75ea3ceaafe878aadc9
  FlipperKit: 825a05d0e628a8533599bff069d8325c0c577b27
  libevent: 4049cae6c81cdb3654a443be001fb9bdceff7913
  OpenSSL-Universal: ebc357f1e6bc71fa463ccb2fe676756aff50e88c
  RenderCore: 090beb17b5bff80b86929a7ceb49df789923d23a
  SocketRocket: abac6f5de4d4d62d24e11868d7a2f427e0ef940d
  Yoga: cff67a400f6b74dc38eb0bad4f156673d9aa980c

PODFILE CHECKSUM: 21ac489846903706fab579f97b09e3927902f123

COCOAPODS: 1.12.1
