# THIS IS AN AUTOGENERATED FILE. DO NOT EDIT THIS FILE DIRECTLY.
# yarn lockfile v1


address@^1.1.2:
  version "1.1.2"
  resolved "https://registry.yarnpkg.com/address/-/address-1.1.2.tgz#bf1116c9c758c51b7a933d296b72c221ed9428b6"
  integrity sha512-aT6camzM4xEA54YVJYSqxz1kv4IHnQZRtThJJHhUMRExaU5spC7jX5ugSwTaTgJliIgs4VhZOk7htClvQ/LmRA==

array-filter@~0.0.0:
  version "0.0.1"
  resolved "https://registry.yarnpkg.com/array-filter/-/array-filter-0.0.1.tgz#7da8cf2e26628ed732803581fd21f67cacd2eeec"

array-map@~0.0.0:
  version "0.0.0"
  resolved "https://registry.yarnpkg.com/array-map/-/array-map-0.0.0.tgz#88a2bab73d1cf7bcd5c1b118a003f66f665fa662"

array-reduce@~0.0.0:
  version "0.0.0"
  resolved "https://registry.yarnpkg.com/array-reduce/-/array-reduce-0.0.0.tgz#173899d3ffd1c7d9383e4479525dbe278cab5f2b"

async-limiter@^1.0.0:
  version "1.0.0"
  resolved "https://registry.yarnpkg.com/async-limiter/-/async-limiter-1.0.0.tgz#78faed8c3d074ab81f22b4e985d79e8738f720f8"
  integrity sha512-jp/uFnooOiO+L211eZOoSyzpOITMXx1rBITauYykG3BRYPu8h0UcxsPNB04RR5vo4Tyz3+ay17tR6JVf9qzYWg==

d@1:
  version "1.0.1"
  resolved "https://registry.yarnpkg.com/d/-/d-1.0.1.tgz#8698095372d58dbee346ffd0c7093f99f8f9eb5a"
  integrity sha512-m62ShEObQ39CfralilEQRjH6oAMtNCV1xJyEx5LpRYUVN+EviphDgUc/F3hnYbADmkiNs67Y+3ylmlG7Lnu+FA==
  dependencies:
    es5-ext "^0.10.50"
    type "^1.0.1"

es5-ext@^0.10.35, es5-ext@^0.10.50, es5-ext@~0.10.14:
  version "0.10.50"
  resolved "https://registry.yarnpkg.com/es5-ext/-/es5-ext-0.10.50.tgz#6d0e23a0abdb27018e5ac4fd09b412bc5517a778"
  integrity sha512-KMzZTPBkeQV/JcSQhI5/z6d9VWJ3EnQ194USTUwIYZ2ZbpN8+SGXQKt1h68EX44+qt+Fzr8DO17vnxrw7c3agw==
  dependencies:
    es6-iterator "~2.0.3"
    es6-symbol "~3.1.1"
    next-tick "^1.0.0"

es6-iterator@~2.0.3:
  version "2.0.3"
  resolved "https://registry.yarnpkg.com/es6-iterator/-/es6-iterator-2.0.3.tgz#a7de889141a05a94b0854403b2d0a0fbfa98f3b7"
  integrity sha1-p96IkUGgWpSwhUQDstCg+/qY87c=
  dependencies:
    d "1"
    es5-ext "^0.10.35"
    es6-symbol "^3.1.1"

es6-symbol@^3, es6-symbol@^3.1.1, es6-symbol@~3.1.1:
  version "3.1.1"
  resolved "https://registry.yarnpkg.com/es6-symbol/-/es6-symbol-3.1.1.tgz#bf00ef4fdab6ba1b46ecb7b629b4c7ed5715cc77"
  integrity sha1-vwDvT9q2uhtG7Le2KbTH7VcVzHc=
  dependencies:
    d "1"
    es5-ext "~0.10.14"

get-port@^5.0.0:
  version "5.0.0"
  resolved "https://registry.yarnpkg.com/get-port/-/get-port-5.0.0.tgz#aa22b6b86fd926dd7884de3e23332c9f70c031a6"
  integrity sha512-imzMU0FjsZqNa6BqOjbbW6w5BivHIuQKopjpPqcnx0AVHJQKCxK1O+Ab3OrVXhrekqfVMjwA9ZYu062R+KcIsQ==
  dependencies:
    type-fest "^0.3.0"

jsonify@~0.0.0:
  version "0.0.0"
  resolved "https://registry.yarnpkg.com/jsonify/-/jsonify-0.0.0.tgz#2c74b6ee41d93ca51b7b5aaee8f503631d252a73"

next-tick@^1.0.0:
  version "1.0.0"
  resolved "https://registry.yarnpkg.com/next-tick/-/next-tick-1.0.0.tgz#ca86d1fe8828169b0120208e3dc8424b9db8342c"
  integrity sha1-yobR/ogoFpsBICCOPchCS524NCw=

react-devtools-core@^4.0.6:
  version "4.0.6"
  resolved "https://registry.yarnpkg.com/react-devtools-core/-/react-devtools-core-4.0.6.tgz#681c7349db618856d6df7d31a6a49edee9d9e428"
  integrity sha512-IhAndVGmV74Bio1BRrlbsonH6bX3XFHgz2uixJFlNjg/Rm264mBveIMwM6+rV3yObSKVnggXRMtJuyWoPk2Smw==
  dependencies:
    es6-symbol "^3"
    shell-quote "^1.6.1"
    ws "^7"

shell-quote@^1.6.1:
  version "1.6.1"
  resolved "https://registry.yarnpkg.com/shell-quote/-/shell-quote-1.6.1.tgz#f4781949cce402697127430ea3b3c5476f481767"
  dependencies:
    array-filter "~0.0.0"
    array-map "~0.0.0"
    array-reduce "~0.0.0"
    jsonify "~0.0.0"

type-fest@^0.3.0:
  version "0.3.1"
  resolved "https://registry.yarnpkg.com/type-fest/-/type-fest-0.3.1.tgz#63d00d204e059474fe5e1b7c011112bbd1dc29e1"
  integrity sha512-cUGJnCdr4STbePCgqNFbpVNCepa+kAVohJs1sLhxzdH+gnEoOd8VhbYa7pD3zZYGiURWM2xzEII3fQcRizDkYQ==

type@^1.0.1:
  version "1.0.3"
  resolved "https://registry.yarnpkg.com/type/-/type-1.0.3.tgz#16f5d39f27a2d28d86e48f8981859e9d3296c179"
  integrity sha512-51IMtNfVcee8+9GJvj0spSuFcZHe9vSib6Xtgsny1Km9ugyz2mbS08I3rsUIRYgJohFRFU1160sgRodYz378Hg==

ws@^7:
  version "7.1.1"
  resolved "https://registry.yarnpkg.com/ws/-/ws-7.1.1.tgz#f9942dc868b6dffb72c14fd8f2ba05f77a4d5983"
  integrity sha512-o41D/WmDeca0BqYhsr3nJzQyg9NF5X8l/UdnFNux9cS3lwB+swm8qGWX5rn+aD6xfBU3rGmtHij7g7x6LxFU3A==
  dependencies:
    async-limiter "^1.0.0"
